{
  "version": 4,
  "terraform_version": "1.13.2",
  "serial": 149,
  "lineage": "a9fc7a52-6bf6-3863-be0b-f5bae51fb24f",
  "outputs": {
    "d": {
      "value": {
        "allow_duplicate_names": false,
        "budget_policy_id": null,
        "catalog": "_jlieow_dev",
        "cause": null,
        "channel": "CURRENT",
        "cluster": [
          {
            "apply_policy_default_values": false,
            "autoscale": [],
            "aws_attributes": [],
            "azure_attributes": [],
            "cluster_log_conf": [],
            "custom_tags": {},
            "driver_instance_pool_id": "",
            "driver_node_type_id": "",
            "enable_local_disk_encryption": false,
            "gcp_attributes": [],
            "init_scripts": [],
            "instance_pool_id": "",
            "label": "default",
            "node_type_id": "Standard_DS3_v2",
            "num_workers": 1,
            "policy_id": "00041BE8BDBC1FDA",
            "spark_conf": {},
            "spark_env_vars": {},
            "ssh_public_keys": []
          }
        ],
        "cluster_id": "0921-221102-3fnwvcqr",
        "configuration": {
          "custom.orderStatus": "O,F"
        },
        "continuous": false,
        "creator_user_name": "jerome.lieow@databricks.com",
        "deployment": [],
        "development": true,
        "edition": "CORE",
        "environment": [],
        "event_log": [],
        "expected_last_modified": 0,
        "filters": [],
        "gateway_definition": [],
        "health": null,
        "id": "8e7c9b72-74a6-49a2-9b1f-aea09a8619bf",
        "ingestion_definition": [],
        "last_modified": 1758492472991,
        "latest_updates": [
          {
            "creation_time": "2025-09-21T22:11:01.751Z",
            "state": "WAITING_FOR_RESOURCES",
            "update_id": "8c32e5e2-532a-444d-9fb0-f81272e4982a"
          }
        ],
        "library": [
          {
            "file": [],
            "glob": [],
            "jar": "",
            "maven": [],
            "notebook": [
              {
                "path": "/Users/jerome.lieow@databricks.com/terraform_notebooks/autoloader/dlt_sample_autoloader/01_dlt"
              }
            ],
            "whl": ""
          }
        ],
        "name": "jlieow_pipeline_00_autoloader_sample",
        "notification": [],
        "photon": false,
        "restart_window": [],
        "root_path": null,
        "run_as": [
          {
            "service_principal_name": "",
            "user_name": "jerome.lieow@databricks.com"
          }
        ],
        "run_as_user_name": "jerome.lieow@databricks.com",
        "schema": "etl",
        "serverless": false,
        "state": "RUNNING",
        "storage": null,
        "tags": null,
        "target": null,
        "timeouts": null,
        "trigger": [],
        "url": "https://adb-984752964297111.11.azuredatabricks.net/#joblist/pipelines/8e7c9b72-74a6-49a2-9b1f-aea09a8619bf"
      },
      "type": [
        "object",
        {
          "allow_duplicate_names": "bool",
          "budget_policy_id": "string",
          "catalog": "string",
          "cause": "string",
          "channel": "string",
          "cluster": [
            "list",
            [
              "object",
              {
                "apply_policy_default_values": "bool",
                "autoscale": [
                  "list",
                  [
                    "object",
                    {
                      "max_workers": "number",
                      "min_workers": "number",
                      "mode": "string"
                    }
                  ]
                ],
                "aws_attributes": [
                  "list",
                  [
                    "object",
                    {
                      "availability": "string",
                      "ebs_volume_count": "number",
                      "ebs_volume_iops": "number",
                      "ebs_volume_size": "number",
                      "ebs_volume_throughput": "number",
                      "ebs_volume_type": "string",
                      "first_on_demand": "number",
                      "instance_profile_arn": "string",
                      "spot_bid_price_percent": "number",
                      "zone_id": "string"
                    }
                  ]
                ],
                "azure_attributes": [
                  "list",
                  [
                    "object",
                    {
                      "availability": "string",
                      "first_on_demand": "number",
                      "log_analytics_info": [
                        "list",
                        [
                          "object",
                          {
                            "log_analytics_primary_key": "string",
                            "log_analytics_workspace_id": "string"
                          }
                        ]
                      ],
                      "spot_bid_max_price": "number"
                    }
                  ]
                ],
                "cluster_log_conf": [
                  "list",
                  [
                    "object",
                    {
                      "dbfs": [
                        "list",
                        [
                          "object",
                          {
                            "destination": "string"
                          }
                        ]
                      ],
                      "s3": [
                        "list",
                        [
                          "object",
                          {
                            "canned_acl": "string",
                            "destination": "string",
                            "enable_encryption": "bool",
                            "encryption_type": "string",
                            "endpoint": "string",
                            "kms_key": "string",
                            "region": "string"
                          }
                        ]
                      ],
                      "volumes": [
                        "list",
                        [
                          "object",
                          {
                            "destination": "string"
                          }
                        ]
                      ]
                    }
                  ]
                ],
                "custom_tags": [
                  "map",
                  "string"
                ],
                "driver_instance_pool_id": "string",
                "driver_node_type_id": "string",
                "enable_local_disk_encryption": "bool",
                "gcp_attributes": [
                  "list",
                  [
                    "object",
                    {
                      "availability": "string",
                      "google_service_account": "string",
                      "local_ssd_count": "number",
                      "zone_id": "string"
                    }
                  ]
                ],
                "init_scripts": [
                  "list",
                  [
                    "object",
                    {
                      "abfss": [
                        "list",
                        [
                          "object",
                          {
                            "destination": "string"
                          }
                        ]
                      ],
                      "dbfs": [
                        "list",
                        [
                          "object",
                          {
                            "destination": "string"
                          }
                        ]
                      ],
                      "file": [
                        "list",
                        [
                          "object",
                          {
                            "destination": "string"
                          }
                        ]
                      ],
                      "gcs": [
                        "list",
                        [
                          "object",
                          {
                            "destination": "string"
                          }
                        ]
                      ],
                      "s3": [
                        "list",
                        [
                          "object",
                          {
                            "canned_acl": "string",
                            "destination": "string",
                            "enable_encryption": "bool",
                            "encryption_type": "string",
                            "endpoint": "string",
                            "kms_key": "string",
                            "region": "string"
                          }
                        ]
                      ],
                      "volumes": [
                        "list",
                        [
                          "object",
                          {
                            "destination": "string"
                          }
                        ]
                      ],
                      "workspace": [
                        "list",
                        [
                          "object",
                          {
                            "destination": "string"
                          }
                        ]
                      ]
                    }
                  ]
                ],
                "instance_pool_id": "string",
                "label": "string",
                "node_type_id": "string",
                "num_workers": "number",
                "policy_id": "string",
                "spark_conf": [
                  "map",
                  "string"
                ],
                "spark_env_vars": [
                  "map",
                  "string"
                ],
                "ssh_public_keys": [
                  "list",
                  "string"
                ]
              }
            ]
          ],
          "cluster_id": "string",
          "configuration": [
            "map",
            "string"
          ],
          "continuous": "bool",
          "creator_user_name": "string",
          "deployment": [
            "list",
            [
              "object",
              {
                "kind": "string",
                "metadata_file_path": "string"
              }
            ]
          ],
          "development": "bool",
          "edition": "string",
          "environment": [
            "list",
            [
              "object",
              {
                "dependencies": [
                  "list",
                  "string"
                ]
              }
            ]
          ],
          "event_log": [
            "list",
            [
              "object",
              {
                "catalog": "string",
                "name": "string",
                "schema": "string"
              }
            ]
          ],
          "expected_last_modified": "number",
          "filters": [
            "list",
            [
              "object",
              {
                "exclude": [
                  "list",
                  "string"
                ],
                "include": [
                  "list",
                  "string"
                ]
              }
            ]
          ],
          "gateway_definition": [
            "list",
            [
              "object",
              {
                "connection_id": "string",
                "connection_name": "string",
                "gateway_storage_catalog": "string",
                "gateway_storage_name": "string",
                "gateway_storage_schema": "string"
              }
            ]
          ],
          "health": "string",
          "id": "string",
          "ingestion_definition": [
            "list",
            [
              "object",
              {
                "connection_name": "string",
                "ingestion_gateway_id": "string",
                "objects": [
                  "list",
                  [
                    "object",
                    {
                      "report": [
                        "list",
                        [
                          "object",
                          {
                            "destination_catalog": "string",
                            "destination_schema": "string",
                            "destination_table": "string",
                            "source_url": "string",
                            "table_configuration": [
                              "list",
                              [
                                "object",
                                {
                                  "exclude_columns": [
                                    "list",
                                    "string"
                                  ],
                                  "include_columns": [
                                    "list",
                                    "string"
                                  ],
                                  "primary_keys": [
                                    "list",
                                    "string"
                                  ],
                                  "salesforce_include_formula_fields": "bool",
                                  "scd_type": "string",
                                  "sequence_by": [
                                    "list",
                                    "string"
                                  ]
                                }
                              ]
                            ]
                          }
                        ]
                      ],
                      "schema": [
                        "list",
                        [
                          "object",
                          {
                            "destination_catalog": "string",
                            "destination_schema": "string",
                            "source_catalog": "string",
                            "source_schema": "string",
                            "table_configuration": [
                              "list",
                              [
                                "object",
                                {
                                  "exclude_columns": [
                                    "list",
                                    "string"
                                  ],
                                  "include_columns": [
                                    "list",
                                    "string"
                                  ],
                                  "primary_keys": [
                                    "list",
                                    "string"
                                  ],
                                  "salesforce_include_formula_fields": "bool",
                                  "scd_type": "string",
                                  "sequence_by": [
                                    "list",
                                    "string"
                                  ]
                                }
                              ]
                            ]
                          }
                        ]
                      ],
                      "table": [
                        "list",
                        [
                          "object",
                          {
                            "destination_catalog": "string",
                            "destination_schema": "string",
                            "destination_table": "string",
                            "source_catalog": "string",
                            "source_schema": "string",
                            "source_table": "string",
                            "table_configuration": [
                              "list",
                              [
                                "object",
                                {
                                  "exclude_columns": [
                                    "list",
                                    "string"
                                  ],
                                  "include_columns": [
                                    "list",
                                    "string"
                                  ],
                                  "primary_keys": [
                                    "list",
                                    "string"
                                  ],
                                  "salesforce_include_formula_fields": "bool",
                                  "scd_type": "string",
                                  "sequence_by": [
                                    "list",
                                    "string"
                                  ]
                                }
                              ]
                            ]
                          }
                        ]
                      ]
                    }
                  ]
                ],
                "source_type": "string",
                "table_configuration": [
                  "list",
                  [
                    "object",
                    {
                      "exclude_columns": [
                        "list",
                        "string"
                      ],
                      "include_columns": [
                        "list",
                        "string"
                      ],
                      "primary_keys": [
                        "list",
                        "string"
                      ],
                      "salesforce_include_formula_fields": "bool",
                      "scd_type": "string",
                      "sequence_by": [
                        "list",
                        "string"
                      ]
                    }
                  ]
                ]
              }
            ]
          ],
          "last_modified": "number",
          "latest_updates": [
            "list",
            [
              "object",
              {
                "creation_time": "string",
                "state": "string",
                "update_id": "string"
              }
            ]
          ],
          "library": [
            "list",
            [
              "object",
              {
                "file": [
                  "list",
                  [
                    "object",
                    {
                      "path": "string"
                    }
                  ]
                ],
                "glob": [
                  "list",
                  [
                    "object",
                    {
                      "include": "string"
                    }
                  ]
                ],
                "jar": "string",
                "maven": [
                  "list",
                  [
                    "object",
                    {
                      "coordinates": "string",
                      "exclusions": [
                        "list",
                        "string"
                      ],
                      "repo": "string"
                    }
                  ]
                ],
                "notebook": [
                  "list",
                  [
                    "object",
                    {
                      "path": "string"
                    }
                  ]
                ],
                "whl": "string"
              }
            ]
          ],
          "name": "string",
          "notification": [
            "list",
            [
              "object",
              {
                "alerts": [
                  "list",
                  "string"
                ],
                "email_recipients": [
                  "list",
                  "string"
                ]
              }
            ]
          ],
          "photon": "bool",
          "restart_window": [
            "list",
            [
              "object",
              {
                "days_of_week": [
                  "list",
                  "string"
                ],
                "start_hour": "number",
                "time_zone_id": "string"
              }
            ]
          ],
          "root_path": "string",
          "run_as": [
            "list",
            [
              "object",
              {
                "service_principal_name": "string",
                "user_name": "string"
              }
            ]
          ],
          "run_as_user_name": "string",
          "schema": "string",
          "serverless": "bool",
          "state": "string",
          "storage": "string",
          "tags": [
            "map",
            "string"
          ],
          "target": "string",
          "timeouts": [
            "object",
            {
              "default": "string"
            }
          ],
          "trigger": [
            "list",
            [
              "object",
              {
                "cron": [
                  "list",
                  [
                    "object",
                    {
                      "quartz_cron_schedule": "string",
                      "timezone_id": "string"
                    }
                  ]
                ],
                "manual": [
                  "list",
                  [
                    "object",
                    {}
                  ]
                ]
              }
            ]
          ],
          "url": "string"
        }
      ]
    }
  },
  "resources": [
    {
      "mode": "data",
      "type": "databricks_current_user",
      "name": "me",
      "provider": "provider[\"registry.terraform.io/databricks/databricks\"]",
      "instances": [
        {
          "schema_version": 0,
          "attributes": {
            "acl_principal_id": "users/jerome.lieow@databricks.com",
            "alphanumeric": "jerome_lieow",
            "external_id": "2129c45e-f9f2-4dc4-8781-15c1aa6be790",
            "home": "/Users/jerome.lieow@databricks.com",
            "id": "143749489820074",
            "repos": "/Repos/jerome.lieow@databricks.com",
            "user_name": "jerome.lieow@databricks.com",
            "workspace_url": "https://adb-984752964297111.11.azuredatabricks.net"
          },
          "sensitive_attributes": [],
          "identity_schema_version": 0
        }
      ]
    },
    {
      "mode": "managed",
      "type": "databricks_catalog",
      "name": "_jlieow_dev",
      "provider": "provider[\"registry.terraform.io/databricks/databricks\"]",
      "instances": [
        {
          "schema_version": 0,
          "attributes": {
            "comment": "This catalog is managed by terraform",
            "connection_name": null,
            "enable_predictive_optimization": "INHERIT",
            "force_destroy": true,
            "id": "_jlieow_dev",
            "isolation_mode": "OPEN",
            "metastore_id": "b86c6879-8c55-4e70-a585-18d16a4fa6e9",
            "name": "_jlieow_dev",
            "options": null,
            "owner": "jerome.lieow@databricks.com",
            "properties": null,
            "provider_name": null,
            "share_name": null,
            "storage_root": null
          },
          "sensitive_attributes": [],
          "identity_schema_version": 0,
          "private": "bnVsbA=="
        }
      ]
    },
    {
      "mode": "managed",
      "type": "databricks_cluster_policy",
      "name": "policy",
      "provider": "provider[\"registry.terraform.io/databricks/databricks\"]",
      "instances": [
        {
          "schema_version": 1,
          "attributes": {
            "definition": "{\"autotermination_minutes\":{\"hidden\":false,\"type\":\"fixed\",\"value\":5}}",
            "description": null,
            "id": "00041BE8BDBC1FDA",
            "libraries": [],
            "max_clusters_per_user": 0,
            "name": "jlieow_cluster_policy",
            "policy_family_definition_overrides": null,
            "policy_family_id": null,
            "policy_id": "00041BE8BDBC1FDA"
          },
          "sensitive_attributes": [],
          "identity_schema_version": 0,
          "private": "eyJzY2hlbWFfdmVyc2lvbiI6IjEifQ=="
        }
      ]
    },
    {
      "mode": "managed",
      "type": "databricks_job",
      "name": "run_00_setup",
      "provider": "provider[\"registry.terraform.io/databricks/databricks\"]",
      "instances": [
        {
          "schema_version": 2,
          "attributes": {
            "always_running": false,
            "budget_policy_id": null,
            "continuous": [],
            "control_run_state": false,
            "dbt_task": [],
            "deployment": [],
            "description": "This job runs 00_setup.",
            "edit_mode": null,
            "email_notifications": [
              {
                "no_alert_for_skipped_runs": false,
                "on_duration_warning_threshold_exceeded": [],
                "on_failure": [],
                "on_start": [],
                "on_streaming_backlog_exceeded": [],
                "on_success": []
              }
            ],
            "environment": [],
            "existing_cluster_id": null,
            "format": "MULTI_TASK",
            "git_source": [],
            "health": [],
            "id": "811867063474906",
            "job_cluster": [],
            "library": [],
            "max_concurrent_runs": 1,
            "max_retries": 0,
            "min_retry_interval_millis": 0,
            "name": "jlieow_job_00_setup",
            "new_cluster": [],
            "notebook_task": [],
            "notification_settings": [],
            "parameter": [],
            "performance_target": null,
            "pipeline_task": [],
            "python_wheel_task": [],
            "queue": [
              {
                "enabled": false
              }
            ],
            "retry_on_timeout": false,
            "run_as": [
              {
                "service_principal_name": "",
                "user_name": "jerome.lieow@databricks.com"
              }
            ],
            "run_job_task": [],
            "schedule": [],
            "spark_jar_task": [],
            "spark_python_task": [],
            "spark_submit_task": [],
            "tags": null,
            "task": [
              {
                "clean_rooms_notebook_task": [],
                "condition_task": [],
                "dashboard_task": [],
                "dbt_cloud_task": [],
                "dbt_platform_task": [],
                "dbt_task": [],
                "depends_on": [],
                "description": "",
                "disable_auto_optimization": false,
                "email_notifications": [
                  {
                    "no_alert_for_skipped_runs": false,
                    "on_duration_warning_threshold_exceeded": [],
                    "on_failure": [],
                    "on_start": [],
                    "on_streaming_backlog_exceeded": [],
                    "on_success": []
                  }
                ],
                "environment_key": "",
                "existing_cluster_id": "",
                "for_each_task": [],
                "gen_ai_compute_task": [],
                "health": [],
                "job_cluster_key": "",
                "library": [],
                "max_retries": 0,
                "min_retry_interval_millis": 0,
                "new_cluster": [],
                "notebook_task": [
                  {
                    "base_parameters": {},
                    "notebook_path": "/Users/jerome.lieow@databricks.com/terraform_notebooks/autoloader/dlt_sample_autoloader/00_setup",
                    "source": "WORKSPACE",
                    "warehouse_id": ""
                  }
                ],
                "notification_settings": [],
                "pipeline_task": [],
                "power_bi_task": [],
                "python_wheel_task": [],
                "retry_on_timeout": false,
                "run_if": "ALL_SUCCESS",
                "run_job_task": [],
                "spark_jar_task": [],
                "spark_python_task": [],
                "spark_submit_task": [],
                "sql_task": [],
                "task_key": "00_setup",
                "timeout_seconds": 0,
                "webhook_notifications": []
              }
            ],
            "timeout_seconds": 0,
            "timeouts": null,
            "trigger": [],
            "url": "https://adb-984752964297111.11.azuredatabricks.net/#job/811867063474906",
            "webhook_notifications": [
              {
                "on_duration_warning_threshold_exceeded": [],
                "on_failure": [],
                "on_start": [],
                "on_streaming_backlog_exceeded": [],
                "on_success": []
              }
            ]
          },
          "sensitive_attributes": [],
          "identity_schema_version": 0,
          "private": "eyJlMmJmYjczMC1lY2FhLTExZTYtOGY4OC0zNDM2M2JjN2M0YzAiOnsiY3JlYXRlIjoxODAwMDAwMDAwMDAwLCJ1cGRhdGUiOjE4MDAwMDAwMDAwMDB9LCJzY2hlbWFfdmVyc2lvbiI6IjIifQ==",
          "dependencies": [
            "data.databricks_current_user.me",
            "databricks_catalog._jlieow_dev",
            "databricks_notebook._00_setup",
            "databricks_schema.bronze"
          ]
        }
      ]
    },
    {
      "mode": "managed",
      "type": "databricks_notebook",
      "name": "_00_setup",
      "provider": "provider[\"registry.terraform.io/databricks/databricks\"]",
      "instances": [
        {
          "schema_version": 1,
          "attributes": {
            "content_base64": "LS0gRGF0YWJyaWNrcyBub3RlYm9vayBzb3VyY2UKLS0gQ2xlYW5zIHVwIGRhbmdsaW5nIHJlc291cmNlcyB0byBlbnN1cmUgaWRlbXBvdGVuY3kKRFJPUCBTQ0hFTUEgSUYgRVhJU1RTIF9qbGllb3dfZGV2LmV0bCBDQVNDQURFOwpEUk9QIFRBQkxFIElGIEVYSVNUUyBfamxpZW93X2Rldi5icm9uemUub3JkZXJzX3JhdzsKRFJPUCBUQUJMRSBJRiBFWElTVFMgX2psaWVvd19kZXYuYnJvbnplLmN1c3RvbWVyX3JhdzsKCi0tIENPTU1BTkQgLS0tLS0tLS0tLQoKLS0gQ1JFQVRFIE5FVyBTQ0hFTUEKQ1JFQVRFIFNDSEVNQSBJRiBOT1QgRVhJU1RTIF9qbGllb3dfZGV2LmV0bApDT01NRU5UICdTQ0hFTUEgRk9SIERMVCBJTlRST0RVQ1RJT04nOwoKLS0gQ09NTUFORCAtLS0tLS0tLS0tCgotLSBDTE9ORSBTT01FIFNBTVBMRSBUQUJMRVMKQ1JFQVRFIFRBQkxFIElGIE5PVCBFWElTVFMgX2psaWVvd19kZXYuYnJvbnplLm9yZGVyc19yYXcgREVFUCBDTE9ORSBzYW1wbGVzLnRwY2gub3JkZXJzOwpDUkVBVEUgVEFCTEUgSUYgTk9UIEVYSVNUUyBfamxpZW93X2Rldi5icm9uemUuY3VzdG9tZXJfcmF3IERFRVAgQ0xPTkUgc2FtcGxlcy4gdHBjaC4gY3VzdG9tZXI7CgotLSBDT01NQU5EIC0tLS0tLS0tLS0KClNFTEVDVCAqIEZST00gX2psaWVvd19kZXYuYnJvbnplLm9yZGVyc19yYXc7CgotLSBDT01NQU5EIC0tLS0tLS0tLS0KClNFTEVDVCAqIEZST00gX2psaWVvd19kZXYuYnJvbnplLmN1c3RvbWVyX3JhdzsKCi0tIENPTU1BTkQgLS0tLS0tLS0tLQoKLS0gQ3JlYXRlIFZvbHVtZSBmb3IgQXV0b2xvYWRlcgpDUkVBVEUgVk9MVU1FIElGIE5PVCBFWElTVFMgX2psaWVvd19kZXYuZXRsLmxhbmRpbmcKQ09NTUVOVCAnVm9sdW1lIGZvciBTb3VyY2UgRmlsZXMnCjsKCi0tIENPTU1BTkQgLS0tLS0tLS0tLQoKLS0gTUFHSUMgJXB5dGhvbiAKLS0gTUFHSUMgIyBDcmVhdGUgZGlyZWN0b3JpZXMgZm9yIEF1dG9sb2FkZXIgY2xvdWRGaWxlcyBzdHJlYW1pbmcgc291cmNlIGFuZCBjaGVja3BvaW50Ci0tIE1BR0lDIGRidXRpbHMuZnMubWtkaXJzKCIvVm9sdW1lcy9famxpZW93X2Rldi9ldGwvbGFuZGluZy9maWxlcyIpCi0tIE1BR0lDIGRidXRpbHMuZnMubWtkaXJzKCIvVm9sdW1lcy9famxpZW93X2Rldi9ldGwvbGFuZGluZy9hdXRvbG9hZGVyL3NjaGVtYXMiKQ==",
            "format": "SOURCE",
            "id": "/Users/jerome.lieow@databricks.com/terraform_notebooks/autoloader/dlt_sample_autoloader/00_setup",
            "language": "SQL",
            "md5": "0f680af247e26c290d523340e99c5b14",
            "object_id": 3036037102158683,
            "object_type": "NOTEBOOK",
            "path": "/Users/jerome.lieow@databricks.com/terraform_notebooks/autoloader/dlt_sample_autoloader/00_setup",
            "source": null,
            "url": "https://adb-984752964297111.11.azuredatabricks.net/#workspace/Users/jerome.lieow@databricks.com/terraform_notebooks/autoloader/dlt_sample_autoloader/00_setup",
            "workspace_path": "/Workspace/Users/jerome.lieow@databricks.com/terraform_notebooks/autoloader/dlt_sample_autoloader/00_setup"
          },
          "sensitive_attributes": [],
          "identity_schema_version": 0,
          "private": "eyJzY2hlbWFfdmVyc2lvbiI6IjEifQ==",
          "dependencies": [
            "data.databricks_current_user.me"
          ]
        }
      ]
    },
    {
      "mode": "managed",
      "type": "databricks_notebook",
      "name": "_01_dlt",
      "provider": "provider[\"registry.terraform.io/databricks/databricks\"]",
      "instances": [
        {
          "schema_version": 1,
          "attributes": {
            "content_base64": "IyBEYXRhYnJpY2tzIG5vdGVib29rIHNvdXJjZQojIERMVCB3b3JrcyB3aXRoIHRocmVlIHR5cGVzIG9mIERhdGFzZXRzCiMgU3RyZWFtaW5nIFRhYmxlcyAoUGVybWFuZW50L1RlbXBvcmFyeSkgLSBVc2VkIGFzIEFwcGVuZCBEYXRhIFNvdXJjZXMsIEluY3JlbWVudGFsIGRhdGEKIyBNYXRlcmlhbGl6ZWQgVmlld3MgLSBVc2VkIGZvciB0cmFuc2Zvcm1hdGlvbnMsIGFnZ3JlZ2F0aW9ucyBvciBjb21wdXRhdGlvbnMKIyBWaWV3cyAtIFVzZWQgZm9yIGludGVybWVkaWF0ZSBUcmFuZm9ybWF0aW9ucywgbm90IHN0b3JlZCBpbiBUYXJnZXQgU2NoZW1hCgppbXBvcnQgZGx0CgojIENPTU1BTkQgLS0tLS0tLS0tLQoKIyBDcmVhdGUgYSBTdHJlYW1pbmcgVGFibGUgZm9yIE9yZGVycwojIElucHV0IGZvciBTdHJlYW0gVGFibGUgaXMgYSBzdHJlYW1pbmcgc291cmNlCkBkbHQudGFibGUoCiAgdGFibGVfcHJvcGVydGllcyA9IHsicXVhbGl0eSI6ICJicm9uemUifSwKICBjb21tZW50ID0gIk9yZGVyIGJyb256ZSB0YWJsZSIKKQpkZWYgb3JkZXJzX2Jyb256ZSgpOgogIGRmID0gc3BhcmsucmVhZFN0cmVhbS50YWJsZSgiX2psaWVvd19kZXYuYnJvbnplLm9yZGVyc19yYXciKQogIHJldHVybiBkZgoKIyBDT01NQU5EIC0tLS0tLS0tLS0KCiMgQ3JlYXRlIGEgc3RyZWFtaW5nIHRhYmxlIGZvciBPcmRlcnMgQXV0b2xvYWRlcgpAZGx0LnRhYmxlKAogIHRhYmxlX3Byb3BlcnRpZXMgPSB7InF1YWxpdHkiOiAiYnJvbnplIn0sCiAgY29tbWVudCA9ICJPcmRlciBBdXRvbG9hZGVyIiwKICBuYW1lID0gIm9yZGVyc19hdXRvbG9hZGVyX2Jyb256ZSIKKQpkZWYgZnVuYygpOgogIGRmID0gKAogICAgc3BhcmsKICAgIC5yZWFkU3RyZWFtCiAgICAuZm9ybWF0KCJjbG91ZEZpbGVzIikKICAgIC5vcHRpb24oImNsb3VkRmlsZXMuc2NoZW1hSGludHMiLCAib19vcmRlcmtleSBsb25nLCBvX2N1c3RrZXkgbG9uZywgb19vcmRlcnN0YXR1cyBzdHJpbmcsIG9fdG90YWxwcmljZSBkZWNpbWFsKDE4LDIpLG9fb3JkZXJkYXRlIGRhdGUsIG9fb3JkZXJwcmlvcml0eSBzdHJpbmcsIG9fY2xlcmsgc3RyaW5nLCBvX3NoaXBwcmlvcml0eSBpbnRlZ2VyLCBvX2NvbW1lbnQgc3RyaW5nIikKICAgIC5vcHRpb24oImNsb3VkRmlsZXMuc2NoZW1hTG9jYXRpb24iLCAiL1ZvbHVtZXMvX2psaWVvd19kZXYvZXRsL2xhbmRpbmcvYXV0b2xvYWRlci9zY2hlbWFzLzEvIikgIyBXaGVyZSBBdXRvbG9hZGVyIHNhdmVzIHRoZSBzY2hlbWEKICAgIC5vcHRpb24oImNsb3VkRmlsZXMuZm9ybWF0IiwgIkNTViIpICMgRmlsZSBmb3JtYXQgb2YgZmlsZXMgaW4gU3RyZWFtaW5nIFNvdXJjZQogICAgLm9wdGlvbigicGF0aEdsb2JmaWx0ZXIiLCAiKi5jc3YiKQogICAgLm9wdGlvbigiY2xvdWRGaWxlcy5zY2hlbWFFdm9sdXRpb25Nb2RlIiwgIm5vbmUiKSAjIERvZXMgbm90IGV2b2x2ZSB0aGUgc2NoZW1hLCBuZXcgY29sdW1ucyBhcmUgaWdub3JlZCwgYW5kIGRhdGEgaXMgbm90IHJlc2N1ZWQgdW5sZXNzIHRoZSByZXNjdWVkRGF0YUNvbHVtbiBvcHRpb24gaXMgc2V0LiBTdHJlYW0gZG9lcyBub3QgZmFpbCBkdWUgdG8gc2NoZW1hIGNoYW5nZXMuCiAgICAubG9hZCgiL1ZvbHVtZXMvX2psaWVvd19kZXYvZXRsL2xhbmRpbmcvZmlsZXMvIikgICMgU3RyZWFtaW5nIFNvdXJjZQogICkKCiAgcmV0dXJuIGRmCgojIENPTU1BTkQgLS0tLS0tLS0tLQoKIyBBcHBlbmQgRmxvdyBVTklPTnMgbXVsdGlwbGUgc3RyZWFtaW5nIHRhYmxlcyBpbmNyZW1lbnRhbGx5CmRsdC5jcmVhdGVfc3RyZWFtaW5nX3RhYmxlKCJvcmRlcnNfdW5pb25fYnJvbnplIikKCiMgQXBwZW5kIEZsb3cKQGRsdC5hcHBlbmRfZmxvdygKICB0YXJnZXQgPSAib3JkZXJzX3VuaW9uX2Jyb256ZSIKKQpkZWYgb3JkZXJfZGVsdGFfYXBwZW5kKCk6CiAgZGYgPSBzcGFyay5yZWFkU3RyZWFtLnRhYmxlKCJMSVZFLm9yZGVyc19icm9uemUiKQogIHJldHVybiBkZgoKIyBBcHBlbmQgRmxvdwpAZGx0LmFwcGVuZF9mbG93KAogIHRhcmdldCA9ICJvcmRlcnNfdW5pb25fYnJvbnplIgopCmRlZiBvcmRlcl9hdXRvbG9hZGVyX2FwcGVuZCgpIDoKICBkZiA9IHNwYXJrLnJlYWRTdHJlYW0udGFibGUoIkxJVkUub3JkZXJzX2F1dG9sb2FkZXJfYnJvbnplIikKICByZXR1cm4gZGYKCiMgQ09NTUFORCAtLS0tLS0tLS0tCgojIENyZWF0ZSBhIE1hdGVyaWFsaXplZCBWaWV3IGZvciBDdXN0b21lcnMKIyBJbnB1dCBmb3IgTWF0ZXJpYWxpemVkIFZpZXcgaXMgYSBiYXRjaCBzb3VyY2UKQGRsdC4gdGFibGUoCiAgdGFibGVfcHJvcGVydGllcyA9IHsicXVhbGl0eSI6ICJicm9uemUifSwKICBjb21tZW50ID0gIkN1c3RvbWVyIGJyb256ZSB0YWJsZSIsCiAgbmFtZSA9ICJjdXN0b21lcl9icm9uemUiICMgSWYgbmFtZSBpcyBzcGVjaWZpZWQgaW4gdGhlIGRlY29yYXRvciwgdGFibGVzL3ZpZXdzIHRha2UgdGhpcyBuYW1lIGluc3RlYWQgb2YgdGhlIGZ1bmN0aW9uIG5hbWUuCikKZGVmIGN1c3RfYnJvbnplKCk6CiAgZGYgPSBzcGFyay5yZWFkLnRhYmxlKCJfamxpZW93X2Rldi5icm9uemUuY3VzdG9tZXJfcmF3IikKICByZXR1cm4gZGYKCiMgQ09NTUFORCAtLS0tLS0tLS0tCgojIENyZWF0ZSBhIFZpZXcgdG8gam9pbiBPcmRlcnMgd2l0aCBDdXN0b21lcnMKQGRsdC52aWV3KAogIGNvbW1lbnQgPSAiSm9pbmVkIFZpZXciCikKZGVmIGpvaW5lZF92dygpOgogIGRmX28gPSBzcGFyay5yZWFkLnRhYmxlKCJMSVZFLm9yZGVyc191bmlvbl9icm9uemUiKQogIGRmX2MgPSBzcGFyay5yZWFkLnRhYmxlKCJMSVZFLmN1c3RvbWVyX2Jyb256ZSIpCiAgCiAgZGZfam9pbiA9IGRmX28uam9pbihkZl9jLCBob3cgPSAibGVmdF9vdXRlciIsIG9uPWRmX2MuY19jdXN0a2V5PT1kZl9vLm9fY3VzdGtleSkKICAKICByZXR1cm4gZGZfam9pbgoKIyBDT01NQU5EIC0tLS0tLS0tLS0KCiMgQ3JlYXRlIE1WIHRvIGFkZCBuZXcgY29sdW1uCmZyb20gcHlzcGFyay5zcWwuZnVuY3Rpb25zIGltcG9ydCBjdXJyZW50X3RpbWVzdGFtcAoKQGRsdC4gdGFibGUoCiAgdGFibGVfcHJvcGVydGllcyA9IHsicXVhbGl0eSI6ICJzaWx2ZXIifSwKICBjb21tZW50ID0gIkpvaW5lZCB0YWJsZSIsCiAgbmFtZSA9ICJqb2luZWRfc2lsdmVyIgopCmRlZiBqb2luZWRfc2lsdmVyKCk6CiAgZGYgPSBzcGFyay5yZWFkLnRhYmxlKCJMSVZFLmpvaW5lZF92dyIpLndpdGhDb2x1bW4oIl9faW5zZXJ0X2RhdGUiLCBjdXJyZW50X3RpbWVzdGFtcCgpKQogIHJldHVybiBkZgoKIyBDT01NQU5EIC0tLS0tLS0tLS0KCiMgQWdncmVnYXRlIGJhc2VkIG9uIGNfbWt0c2VnbWVudCBhbmQgZmluZCB0aGUgY291bnQgb2Ygb3JkZXIgKGNfb3JkZXJrZXkpCmZyb20gcHlzcGFyay5zcWwuZnVuY3Rpb25zIGltcG9ydCBjb3VudCwgc3VtCgpAZGx0LiB0YWJsZSgKICB0YWJsZV9wcm9wZXJ0aWVzID0geyJxdWFsaXR5IjogImdvbGQifSwKICBjb21tZW50ID0gIm9yZGVycyBhZ2dyZWdhdGVkIHRhYmxlIgopCmRlZiBvcmRlcnNfYWdnX2dvbGQoKToKICBkZiA9IHNwYXJrLnJlYWQudGFibGUoIkxJVkUuam9pbmVkX3NpbHZlciIpCgogIGRmX2ZpbmFsID0gZGYuZ3JvdXBCeSgiY19ta3RzZWdtZW50IikuYWdnKGNvdW50KCJvX29yZGVya2V5IikuYWxpYXMoImNvdW50X29yZGVycyIpLCBzdW0oIm9fdG90YWxwcmljZSIpLmFsaWFzICgic3VtX3RvdGFscHJpY2UiKSkud2l0aENvbHVtbigiX19pbnNlcnRfZGF0ZSIsIGN1cnJlbnRfdGltZXN0YW1wKCkpCgogIHJldHVybiBkZl9maW5hbAoKIyBDT01NQU5EIC0tLS0tLS0tLS0KCiMgUmV0cmlldmVzIHRoZSBjb25maWd1cmF0aW9uIHBhcmFtZXRlcnMKX29yZGVyX3N0YXR1cyA9IHNwYXJrLmNvbmYuZ2V0KCJjdXN0b20ub3JkZXJzdGF0dXMiLCAiTkEiKQoKZm9yIF9zdGF0dXMgaW4gX29yZGVyX3N0YXR1cy5zcGxpdCgiLCIpOgogIEBkbHQuIHRhYmxlKAogICAgdGFibGVfcHJvcGVydGllcyA9IHsicXVhbGl0eSI6ICJnb2xkIn0sCiAgICBjb21tZW50ID0gIm9yZGVycyBhZ2dyZWdhdGVkIHRhYmxlIiwKICAgIG5hbWUgPSBmIm9yZGVyc19hZ2dfe19zdGF0dXN9X2dvbGQiCiAgKQogIGRlZiBmdW5jKCk6CiAgICBkZiA9IHNwYXJrLnJlYWQudGFibGUoIkxJVkUuam9pbmVkX3NpbHZlciIpCgogICAgZGZfZmluYWwgPSBkZi53aGVyZShmIm9fb3JkZXJzdGF0dXMgPSAne19zdGF0dXN9JyIpLmdyb3VwQnkoImNfbWt0c2VnbWVudCIpLmFnZyhjb3VudCgib19vcmRlcmtleSIpLmFsaWFzKCJjb3VudF9vcmRlcnMiKSxzdW0oIm9fdG90YWxwcmljZSIpLmFsaWFzKCJzdW1fdG90YWxwcmljZSIpKS53aXRoQ29sdW1uKCJfX2luc2VydF9kYXRlIiwgY3VycmVudF90aW1lc3RhbXAoKSkKCiAgICByZXR1cm4gZGZfZmluYWw=",
            "format": "SOURCE",
            "id": "/Users/jerome.lieow@databricks.com/terraform_notebooks/autoloader/dlt_sample_autoloader/01_dlt",
            "language": "PYTHON",
            "md5": "f26da0ead9bfe542b153b0594ee0b7b1",
            "object_id": 3036037102158686,
            "object_type": "NOTEBOOK",
            "path": "/Users/jerome.lieow@databricks.com/terraform_notebooks/autoloader/dlt_sample_autoloader/01_dlt",
            "source": null,
            "url": "https://adb-984752964297111.11.azuredatabricks.net/#workspace/Users/jerome.lieow@databricks.com/terraform_notebooks/autoloader/dlt_sample_autoloader/01_dlt",
            "workspace_path": "/Workspace/Users/jerome.lieow@databricks.com/terraform_notebooks/autoloader/dlt_sample_autoloader/01_dlt"
          },
          "sensitive_attributes": [],
          "identity_schema_version": 0,
          "private": "eyJzY2hlbWFfdmVyc2lvbiI6IjEifQ==",
          "dependencies": [
            "data.databricks_current_user.me"
          ]
        }
      ]
    },
    {
      "mode": "managed",
      "type": "databricks_notebook",
      "name": "_view_data",
      "provider": "provider[\"registry.terraform.io/databricks/databricks\"]",
      "instances": [
        {
          "schema_version": 1,
          "attributes": {
            "content_base64": "LS0gRGF0YWJyaWNrcyBub3RlYm9vayBzb3VyY2UKU0VMRUNUICogRlJPTSBfamxpZW93X2Rldi5ldGwub3JkZXJzX2FnZ19nb2xkOw==",
            "format": "SOURCE",
            "id": "/Users/jerome.lieow@databricks.com/terraform_notebooks/autoloader/dlt_sample_autoloader/_view_data",
            "language": "SQL",
            "md5": "692758d90b11809ca909e3dbb66ab92e",
            "object_id": 3036037102158685,
            "object_type": "NOTEBOOK",
            "path": "/Users/jerome.lieow@databricks.com/terraform_notebooks/autoloader/dlt_sample_autoloader/_view_data",
            "source": null,
            "url": "https://adb-984752964297111.11.azuredatabricks.net/#workspace/Users/jerome.lieow@databricks.com/terraform_notebooks/autoloader/dlt_sample_autoloader/_view_data",
            "workspace_path": "/Workspace/Users/jerome.lieow@databricks.com/terraform_notebooks/autoloader/dlt_sample_autoloader/_view_data"
          },
          "sensitive_attributes": [],
          "identity_schema_version": 0,
          "private": "eyJzY2hlbWFfdmVyc2lvbiI6IjEifQ==",
          "dependencies": [
            "data.databricks_current_user.me"
          ]
        }
      ]
    },
    {
      "mode": "managed",
      "type": "databricks_pipeline",
      "name": "this",
      "provider": "provider[\"registry.terraform.io/databricks/databricks\"]",
      "instances": [
        {
          "schema_version": 0,
          "attributes": {
            "allow_duplicate_names": false,
            "budget_policy_id": null,
            "catalog": "_jlieow_dev",
            "cause": null,
            "channel": "CURRENT",
            "cluster": [
              {
                "apply_policy_default_values": false,
                "autoscale": [],
                "aws_attributes": [],
                "azure_attributes": [],
                "cluster_log_conf": [],
                "custom_tags": {},
                "driver_instance_pool_id": "",
                "driver_node_type_id": "",
                "enable_local_disk_encryption": false,
                "gcp_attributes": [],
                "init_scripts": [],
                "instance_pool_id": "",
                "label": "default",
                "node_type_id": "Standard_DS3_v2",
                "num_workers": 1,
                "policy_id": "00041BE8BDBC1FDA",
                "spark_conf": {},
                "spark_env_vars": {},
                "ssh_public_keys": []
              }
            ],
            "cluster_id": "0921-221102-3fnwvcqr",
            "configuration": {
              "custom.orderStatus": "O,F"
            },
            "continuous": false,
            "creator_user_name": "jerome.lieow@databricks.com",
            "deployment": [],
            "development": true,
            "edition": "CORE",
            "environment": [],
            "event_log": [],
            "expected_last_modified": 0,
            "filters": [],
            "gateway_definition": [],
            "health": null,
            "id": "8e7c9b72-74a6-49a2-9b1f-aea09a8619bf",
            "ingestion_definition": [],
            "last_modified": 1758492472991,
            "latest_updates": [
              {
                "creation_time": "2025-09-21T22:11:01.751Z",
                "state": "WAITING_FOR_RESOURCES",
                "update_id": "8c32e5e2-532a-444d-9fb0-f81272e4982a"
              }
            ],
            "library": [
              {
                "file": [],
                "glob": [],
                "jar": "",
                "maven": [],
                "notebook": [
                  {
                    "path": "/Users/jerome.lieow@databricks.com/terraform_notebooks/autoloader/dlt_sample_autoloader/01_dlt"
                  }
                ],
                "whl": ""
              }
            ],
            "name": "jlieow_pipeline_00_autoloader_sample",
            "notification": [],
            "photon": false,
            "restart_window": [],
            "root_path": null,
            "run_as": [
              {
                "service_principal_name": "",
                "user_name": "jerome.lieow@databricks.com"
              }
            ],
            "run_as_user_name": "jerome.lieow@databricks.com",
            "schema": "etl",
            "serverless": false,
            "state": "RUNNING",
            "storage": null,
            "tags": null,
            "target": null,
            "timeouts": null,
            "trigger": [],
            "url": "https://adb-984752964297111.11.azuredatabricks.net/#joblist/pipelines/8e7c9b72-74a6-49a2-9b1f-aea09a8619bf"
          },
          "sensitive_attributes": [],
          "identity_schema_version": 0,
          "private": "eyJlMmJmYjczMC1lY2FhLTExZTYtOGY4OC0zNDM2M2JjN2M0YzAiOnsiY3JlYXRlIjoxMjAwMDAwMDAwMDAwLCJkZWZhdWx0IjoxMjAwMDAwMDAwMDAwLCJkZWxldGUiOjEyMDAwMDAwMDAwMDAsInJlYWQiOjEyMDAwMDAwMDAwMDAsInVwZGF0ZSI6MTIwMDAwMDAwMDAwMH19",
          "dependencies": [
            "data.databricks_current_user.me",
            "databricks_catalog._jlieow_dev",
            "databricks_cluster_policy.policy",
            "databricks_job.run_00_setup",
            "databricks_notebook._00_setup",
            "databricks_notebook._01_dlt",
            "databricks_schema.bronze",
            "null_resource.run_job_00_setup"
          ]
        }
      ]
    },
    {
      "mode": "managed",
      "type": "databricks_schema",
      "name": "bronze",
      "provider": "provider[\"registry.terraform.io/databricks/databricks\"]",
      "instances": [
        {
          "schema_version": 0,
          "attributes": {
            "catalog_name": "_jlieow_dev",
            "comment": "This schema is managed by terraform",
            "enable_predictive_optimization": "INHERIT",
            "force_destroy": true,
            "id": "_jlieow_dev.bronze",
            "metastore_id": "b86c6879-8c55-4e70-a585-18d16a4fa6e9",
            "name": "bronze",
            "owner": "jerome.lieow@databricks.com",
            "properties": null,
            "schema_id": "83e15174-8dcc-4188-a9f8-f4087b13f988",
            "storage_root": null
          },
          "sensitive_attributes": [],
          "identity_schema_version": 0,
          "private": "bnVsbA==",
          "dependencies": [
            "databricks_catalog._jlieow_dev"
          ]
        }
      ]
    },
    {
      "mode": "managed",
      "type": "null_resource",
      "name": "run_job_00_setup",
      "provider": "provider[\"registry.terraform.io/hashicorp/null\"]",
      "instances": [
        {
          "schema_version": 0,
          "attributes": {
            "id": "2802867644352279640",
            "triggers": {
              "value": "LS0gRGF0YWJyaWNrcyBub3RlYm9vayBzb3VyY2UKLS0gQ2xlYW5zIHVwIGRhbmdsaW5nIHJlc291cmNlcyB0byBlbnN1cmUgaWRlbXBvdGVuY3kKRFJPUCBTQ0hFTUEgSUYgRVhJU1RTIF9qbGllb3dfZGV2LmV0bCBDQVNDQURFOwpEUk9QIFRBQkxFIElGIEVYSVNUUyBfamxpZW93X2Rldi5icm9uemUub3JkZXJzX3JhdzsKRFJPUCBUQUJMRSBJRiBFWElTVFMgX2psaWVvd19kZXYuYnJvbnplLmN1c3RvbWVyX3JhdzsKCi0tIENPTU1BTkQgLS0tLS0tLS0tLQoKLS0gQ1JFQVRFIE5FVyBTQ0hFTUEKQ1JFQVRFIFNDSEVNQSBJRiBOT1QgRVhJU1RTIF9qbGllb3dfZGV2LmV0bApDT01NRU5UICdTQ0hFTUEgRk9SIERMVCBJTlRST0RVQ1RJT04nOwoKLS0gQ09NTUFORCAtLS0tLS0tLS0tCgotLSBDTE9ORSBTT01FIFNBTVBMRSBUQUJMRVMKQ1JFQVRFIFRBQkxFIElGIE5PVCBFWElTVFMgX2psaWVvd19kZXYuYnJvbnplLm9yZGVyc19yYXcgREVFUCBDTE9ORSBzYW1wbGVzLnRwY2gub3JkZXJzOwpDUkVBVEUgVEFCTEUgSUYgTk9UIEVYSVNUUyBfamxpZW93X2Rldi5icm9uemUuY3VzdG9tZXJfcmF3IERFRVAgQ0xPTkUgc2FtcGxlcy4gdHBjaC4gY3VzdG9tZXI7CgotLSBDT01NQU5EIC0tLS0tLS0tLS0KClNFTEVDVCAqIEZST00gX2psaWVvd19kZXYuYnJvbnplLm9yZGVyc19yYXc7CgotLSBDT01NQU5EIC0tLS0tLS0tLS0KClNFTEVDVCAqIEZST00gX2psaWVvd19kZXYuYnJvbnplLmN1c3RvbWVyX3JhdzsKCi0tIENPTU1BTkQgLS0tLS0tLS0tLQoKLS0gQ3JlYXRlIFZvbHVtZSBmb3IgQXV0b2xvYWRlcgpDUkVBVEUgVk9MVU1FIElGIE5PVCBFWElTVFMgX2psaWVvd19kZXYuZXRsLmxhbmRpbmcKQ09NTUVOVCAnVm9sdW1lIGZvciBTb3VyY2UgRmlsZXMnCjsKCi0tIENPTU1BTkQgLS0tLS0tLS0tLQoKLS0gTUFHSUMgJXB5dGhvbiAKLS0gTUFHSUMgIyBDcmVhdGUgZGlyZWN0b3JpZXMgZm9yIEF1dG9sb2FkZXIgY2xvdWRGaWxlcyBzdHJlYW1pbmcgc291cmNlIGFuZCBjaGVja3BvaW50Ci0tIE1BR0lDIGRidXRpbHMuZnMubWtkaXJzKCIvVm9sdW1lcy9famxpZW93X2Rldi9ldGwvbGFuZGluZy9maWxlcyIpCi0tIE1BR0lDIGRidXRpbHMuZnMubWtkaXJzKCIvVm9sdW1lcy9famxpZW93X2Rldi9ldGwvbGFuZGluZy9hdXRvbG9hZGVyL3NjaGVtYXMiKQ=="
            }
          },
          "sensitive_attributes": [],
          "identity_schema_version": 0,
          "dependencies": [
            "data.databricks_current_user.me",
            "databricks_catalog._jlieow_dev",
            "databricks_job.run_00_setup",
            "databricks_notebook._00_setup",
            "databricks_schema.bronze"
          ]
        }
      ]
    }
  ],
  "check_results": null
}
