{
  "version": 4,
  "terraform_version": "1.13.2",
  "serial": 32,
  "lineage": "85402b4b-e4ee-6076-8cf7-17c7ab217e41",
  "outputs": {
    "databricks_host": {
      "value": "https://adb-771980017000262.2.azuredatabricks.net/",
      "type": "string"
    }
  },
  "resources": [
    {
      "mode": "data",
      "type": "azurerm_client_config",
      "name": "current",
      "provider": "provider[\"registry.terraform.io/hashicorp/azurerm\"]",
      "instances": [
        {
          "schema_version": 0,
          "attributes": {
            "client_id": "04b07795-8ddb-461a-bbee-02f9e1bf7b46",
            "id": "Y2xpZW50Q29uZmlncy9jbGllbnRJZD0wNGIwNzc5NS04ZGRiLTQ2MWEtYmJlZS0wMmY5ZTFiZjdiNDY7b2JqZWN0SWQ9MTIwZTExMTctYmNkNy00NzA2LWIzMzctOWJmNzJhZTQ4NjQ5O3N1YnNjcmlwdGlvbklkPWVkZDRjYzQ1LTg1YzctNGFlYy04YmY1LTY0ODA2MmQ1MTliZjt0ZW5hbnRJZD1iZjQ2NWRjNy0zYmM4LTQ5NDQtYjAxOC0wOTI1NzJiNWMyMGQ=",
            "object_id": "120e1117-bcd7-4706-b337-9bf72ae48649",
            "subscription_id": "edd4cc45-85c7-4aec-8bf5-648062d519bf",
            "tenant_id": "bf465dc7-3bc8-4944-b018-092572b5c20d",
            "timeouts": null
          },
          "sensitive_attributes": [],
          "identity_schema_version": 0
        }
      ]
    },
    {
      "mode": "data",
      "type": "external",
      "name": "me",
      "provider": "provider[\"registry.terraform.io/hashicorp/external\"]",
      "instances": [
        {
          "schema_version": 0,
          "attributes": {
            "id": "-",
            "program": [
              "az",
              "account",
              "show",
              "--query",
              "user"
            ],
            "query": null,
            "result": {
              "name": "jerome.lieow@databricks.com",
              "type": "user"
            },
            "working_dir": null
          },
          "sensitive_attributes": [],
          "identity_schema_version": 0
        }
      ]
    },
    {
      "mode": "managed",
      "type": "azurerm_databricks_workspace",
      "name": "this",
      "provider": "provider[\"registry.terraform.io/hashicorp/azurerm\"]",
      "instances": [
        {
          "schema_version": 0,
          "attributes": {
            "access_connector_id": null,
            "custom_parameters": [
              {
                "machine_learning_workspace_id": "",
                "nat_gateway_name": "",
                "no_public_ip": true,
                "private_subnet_name": "jlieow-databricksdemoh1qo4d-private",
                "private_subnet_network_security_group_association_id": "/subscriptions/edd4cc45-85c7-4aec-8bf5-648062d519bf/resourceGroups/jlieow-databricksdemoh1qo4d-rg/providers/Microsoft.Network/virtualNetworks/jlieow-databricksdemoh1qo4d-vnet/subnets/jlieow-databricksdemoh1qo4d-private",
                "public_ip_name": "",
                "public_subnet_name": "jlieow-databricksdemoh1qo4d-public",
                "public_subnet_network_security_group_association_id": "/subscriptions/edd4cc45-85c7-4aec-8bf5-648062d519bf/resourceGroups/jlieow-databricksdemoh1qo4d-rg/providers/Microsoft.Network/virtualNetworks/jlieow-databricksdemoh1qo4d-vnet/subnets/jlieow-databricksdemoh1qo4d-public",
                "storage_account_name": "dbstorage3kf5xl2xtcb44",
                "storage_account_sku_name": "Standard_GRS",
                "virtual_network_id": "/subscriptions/edd4cc45-85c7-4aec-8bf5-648062d519bf/resourceGroups/jlieow-databricksdemoh1qo4d-rg/providers/Microsoft.Network/virtualNetworks/jlieow-databricksdemoh1qo4d-vnet",
                "vnet_address_prefix": ""
              }
            ],
            "customer_managed_key_enabled": false,
            "default_storage_firewall_enabled": null,
            "disk_encryption_set_id": "",
            "enhanced_security_compliance": [],
            "id": "/subscriptions/edd4cc45-85c7-4aec-8bf5-648062d519bf/resourceGroups/jlieow-databricksdemoh1qo4d-rg/providers/Microsoft.Databricks/workspaces/jlieow-databricksdemoh1qo4d-workspace",
            "infrastructure_encryption_enabled": false,
            "load_balancer_backend_address_pool_id": "",
            "location": "westeurope",
            "managed_disk_cmk_key_vault_id": "",
            "managed_disk_cmk_key_vault_key_id": "",
            "managed_disk_cmk_rotation_to_latest_version_enabled": false,
            "managed_disk_identity": [],
            "managed_resource_group_id": "/subscriptions/edd4cc45-85c7-4aec-8bf5-648062d519bf/resourceGroups/jlieow-databricksdemoh1qo4d-workspace-rg",
            "managed_resource_group_name": "jlieow-databricksdemoh1qo4d-workspace-rg",
            "managed_services_cmk_key_vault_id": "",
            "managed_services_cmk_key_vault_key_id": "",
            "name": "jlieow-databricksdemoh1qo4d-workspace",
            "network_security_group_rules_required": null,
            "public_network_access_enabled": true,
            "resource_group_name": "jlieow-databricksdemoh1qo4d-rg",
            "sku": "premium",
            "storage_account_identity": [],
            "tags": {
              "Environment": "Demo",
              "Owner": "jerome.lieow@databricks.com"
            },
            "timeouts": null,
            "workspace_id": "771980017000262",
            "workspace_url": "adb-771980017000262.2.azuredatabricks.net"
          },
          "sensitive_attributes": [],
          "identity_schema_version": 0,
          "private": "eyJlMmJmYjczMC1lY2FhLTExZTYtOGY4OC0zNDM2M2JjN2M0YzAiOnsiY3JlYXRlIjoxODAwMDAwMDAwMDAwLCJkZWxldGUiOjE4MDAwMDAwMDAwMDAsInJlYWQiOjMwMDAwMDAwMDAwMCwidXBkYXRlIjoxODAwMDAwMDAwMDAwfX0=",
          "dependencies": [
            "azurerm_network_security_group.this",
            "azurerm_resource_group.this",
            "azurerm_subnet.private",
            "azurerm_subnet.public",
            "azurerm_subnet_network_security_group_association.private",
            "azurerm_subnet_network_security_group_association.public",
            "azurerm_virtual_network.this",
            "data.external.me",
            "random_string.naming"
          ]
        }
      ]
    },
    {
      "mode": "managed",
      "type": "azurerm_network_security_group",
      "name": "this",
      "provider": "provider[\"registry.terraform.io/hashicorp/azurerm\"]",
      "instances": [
        {
          "schema_version": 0,
          "attributes": {
            "id": "/subscriptions/edd4cc45-85c7-4aec-8bf5-648062d519bf/resourceGroups/jlieow-databricksdemoh1qo4d-rg/providers/Microsoft.Network/networkSecurityGroups/jlieow-databricksdemoh1qo4d-nsg",
            "location": "westeurope",
            "name": "jlieow-databricksdemoh1qo4d-nsg",
            "resource_group_name": "jlieow-databricksdemoh1qo4d-rg",
            "security_rule": [],
            "tags": {
              "Environment": "Demo",
              "Owner": "jerome.lieow@databricks.com"
            },
            "timeouts": null
          },
          "sensitive_attributes": [],
          "identity_schema_version": 0,
          "identity": {
            "name": "jlieow-databricksdemoh1qo4d-nsg",
            "resource_group_name": "jlieow-databricksdemoh1qo4d-rg",
            "subscription_id": "edd4cc45-85c7-4aec-8bf5-648062d519bf"
          },
          "private": "eyJlMmJmYjczMC1lY2FhLTExZTYtOGY4OC0zNDM2M2JjN2M0YzAiOnsiY3JlYXRlIjoxODAwMDAwMDAwMDAwLCJkZWxldGUiOjE4MDAwMDAwMDAwMDAsInJlYWQiOjMwMDAwMDAwMDAwMCwidXBkYXRlIjoxODAwMDAwMDAwMDAwfX0=",
          "dependencies": [
            "azurerm_resource_group.this",
            "data.external.me",
            "random_string.naming"
          ]
        }
      ]
    },
    {
      "mode": "managed",
      "type": "azurerm_resource_group",
      "name": "this",
      "provider": "provider[\"registry.terraform.io/hashicorp/azurerm\"]",
      "instances": [
        {
          "schema_version": 0,
          "attributes": {
            "id": "/subscriptions/edd4cc45-85c7-4aec-8bf5-648062d519bf/resourceGroups/jlieow-databricksdemoh1qo4d-rg",
            "location": "westeurope",
            "managed_by": "",
            "name": "jlieow-databricksdemoh1qo4d-rg",
            "tags": {
              "Environment": "Demo",
              "Owner": "jerome.lieow@databricks.com"
            },
            "timeouts": null
          },
          "sensitive_attributes": [],
          "identity_schema_version": 0,
          "private": "eyJlMmJmYjczMC1lY2FhLTExZTYtOGY4OC0zNDM2M2JjN2M0YzAiOnsiY3JlYXRlIjo1NDAwMDAwMDAwMDAwLCJkZWxldGUiOjU0MDAwMDAwMDAwMDAsInJlYWQiOjMwMDAwMDAwMDAwMCwidXBkYXRlIjo1NDAwMDAwMDAwMDAwfX0=",
          "dependencies": [
            "data.external.me",
            "random_string.naming"
          ]
        }
      ]
    },
    {
      "mode": "managed",
      "type": "azurerm_subnet",
      "name": "private",
      "provider": "provider[\"registry.terraform.io/hashicorp/azurerm\"]",
      "instances": [
        {
          "schema_version": 0,
          "attributes": {
            "address_prefixes": [
              "10.179.2.0/23"
            ],
            "default_outbound_access_enabled": true,
            "delegation": [
              {
                "name": "databricks",
                "service_delegation": [
                  {
                    "actions": [
                      "Microsoft.Network/virtualNetworks/subnets/action",
                      "Microsoft.Network/virtualNetworks/subnets/prepareNetworkPolicies/action",
                      "Microsoft.Network/virtualNetworks/subnets/unprepareNetworkPolicies/action"
                    ],
                    "name": "Microsoft.Databricks/workspaces"
                  }
                ]
              }
            ],
            "id": "/subscriptions/edd4cc45-85c7-4aec-8bf5-648062d519bf/resourceGroups/jlieow-databricksdemoh1qo4d-rg/providers/Microsoft.Network/virtualNetworks/jlieow-databricksdemoh1qo4d-vnet/subnets/jlieow-databricksdemoh1qo4d-private",
            "ip_address_pool": [],
            "name": "jlieow-databricksdemoh1qo4d-private",
            "private_endpoint_network_policies": "Disabled",
            "private_link_service_network_policies_enabled": true,
            "resource_group_name": "jlieow-databricksdemoh1qo4d-rg",
            "service_endpoint_policy_ids": null,
            "service_endpoints": null,
            "sharing_scope": "",
            "timeouts": null,
            "virtual_network_name": "jlieow-databricksdemoh1qo4d-vnet"
          },
          "sensitive_attributes": [],
          "identity_schema_version": 0,
          "identity": {
            "name": "jlieow-databricksdemoh1qo4d-private",
            "resource_group_name": "jlieow-databricksdemoh1qo4d-rg",
            "subscription_id": "edd4cc45-85c7-4aec-8bf5-648062d519bf",
            "virtual_network_name": "jlieow-databricksdemoh1qo4d-vnet"
          },
          "private": "eyJlMmJmYjczMC1lY2FhLTExZTYtOGY4OC0zNDM2M2JjN2M0YzAiOnsiY3JlYXRlIjoxODAwMDAwMDAwMDAwLCJkZWxldGUiOjE4MDAwMDAwMDAwMDAsInJlYWQiOjMwMDAwMDAwMDAwMCwidXBkYXRlIjoxODAwMDAwMDAwMDAwfX0=",
          "dependencies": [
            "azurerm_resource_group.this",
            "azurerm_virtual_network.this",
            "data.external.me",
            "random_string.naming"
          ]
        }
      ]
    },
    {
      "mode": "managed",
      "type": "azurerm_subnet",
      "name": "public",
      "provider": "provider[\"registry.terraform.io/hashicorp/azurerm\"]",
      "instances": [
        {
          "schema_version": 0,
          "attributes": {
            "address_prefixes": [
              "10.179.0.0/23"
            ],
            "default_outbound_access_enabled": true,
            "delegation": [
              {
                "name": "databricks",
                "service_delegation": [
                  {
                    "actions": [
                      "Microsoft.Network/virtualNetworks/subnets/action",
                      "Microsoft.Network/virtualNetworks/subnets/prepareNetworkPolicies/action",
                      "Microsoft.Network/virtualNetworks/subnets/unprepareNetworkPolicies/action"
                    ],
                    "name": "Microsoft.Databricks/workspaces"
                  }
                ]
              }
            ],
            "id": "/subscriptions/edd4cc45-85c7-4aec-8bf5-648062d519bf/resourceGroups/jlieow-databricksdemoh1qo4d-rg/providers/Microsoft.Network/virtualNetworks/jlieow-databricksdemoh1qo4d-vnet/subnets/jlieow-databricksdemoh1qo4d-public",
            "ip_address_pool": [],
            "name": "jlieow-databricksdemoh1qo4d-public",
            "private_endpoint_network_policies": "Disabled",
            "private_link_service_network_policies_enabled": true,
            "resource_group_name": "jlieow-databricksdemoh1qo4d-rg",
            "service_endpoint_policy_ids": null,
            "service_endpoints": null,
            "sharing_scope": "",
            "timeouts": null,
            "virtual_network_name": "jlieow-databricksdemoh1qo4d-vnet"
          },
          "sensitive_attributes": [],
          "identity_schema_version": 0,
          "identity": {
            "name": "jlieow-databricksdemoh1qo4d-public",
            "resource_group_name": "jlieow-databricksdemoh1qo4d-rg",
            "subscription_id": "edd4cc45-85c7-4aec-8bf5-648062d519bf",
            "virtual_network_name": "jlieow-databricksdemoh1qo4d-vnet"
          },
          "private": "eyJlMmJmYjczMC1lY2FhLTExZTYtOGY4OC0zNDM2M2JjN2M0YzAiOnsiY3JlYXRlIjoxODAwMDAwMDAwMDAwLCJkZWxldGUiOjE4MDAwMDAwMDAwMDAsInJlYWQiOjMwMDAwMDAwMDAwMCwidXBkYXRlIjoxODAwMDAwMDAwMDAwfX0=",
          "dependencies": [
            "azurerm_resource_group.this",
            "azurerm_virtual_network.this",
            "data.external.me",
            "random_string.naming"
          ]
        }
      ]
    },
    {
      "mode": "managed",
      "type": "azurerm_subnet_network_security_group_association",
      "name": "private",
      "provider": "provider[\"registry.terraform.io/hashicorp/azurerm\"]",
      "instances": [
        {
          "schema_version": 0,
          "attributes": {
            "id": "/subscriptions/edd4cc45-85c7-4aec-8bf5-648062d519bf/resourceGroups/jlieow-databricksdemoh1qo4d-rg/providers/Microsoft.Network/virtualNetworks/jlieow-databricksdemoh1qo4d-vnet/subnets/jlieow-databricksdemoh1qo4d-private",
            "network_security_group_id": "/subscriptions/edd4cc45-85c7-4aec-8bf5-648062d519bf/resourceGroups/jlieow-databricksdemoh1qo4d-rg/providers/Microsoft.Network/networkSecurityGroups/jlieow-databricksdemoh1qo4d-nsg",
            "subnet_id": "/subscriptions/edd4cc45-85c7-4aec-8bf5-648062d519bf/resourceGroups/jlieow-databricksdemoh1qo4d-rg/providers/Microsoft.Network/virtualNetworks/jlieow-databricksdemoh1qo4d-vnet/subnets/jlieow-databricksdemoh1qo4d-private",
            "timeouts": null
          },
          "sensitive_attributes": [],
          "identity_schema_version": 0,
          "private": "eyJlMmJmYjczMC1lY2FhLTExZTYtOGY4OC0zNDM2M2JjN2M0YzAiOnsiY3JlYXRlIjoxODAwMDAwMDAwMDAwLCJkZWxldGUiOjE4MDAwMDAwMDAwMDAsInJlYWQiOjMwMDAwMDAwMDAwMH19",
          "dependencies": [
            "azurerm_network_security_group.this",
            "azurerm_resource_group.this",
            "azurerm_subnet.private",
            "azurerm_virtual_network.this",
            "data.external.me",
            "random_string.naming"
          ]
        }
      ]
    },
    {
      "mode": "managed",
      "type": "azurerm_subnet_network_security_group_association",
      "name": "public",
      "provider": "provider[\"registry.terraform.io/hashicorp/azurerm\"]",
      "instances": [
        {
          "schema_version": 0,
          "attributes": {
            "id": "/subscriptions/edd4cc45-85c7-4aec-8bf5-648062d519bf/resourceGroups/jlieow-databricksdemoh1qo4d-rg/providers/Microsoft.Network/virtualNetworks/jlieow-databricksdemoh1qo4d-vnet/subnets/jlieow-databricksdemoh1qo4d-public",
            "network_security_group_id": "/subscriptions/edd4cc45-85c7-4aec-8bf5-648062d519bf/resourceGroups/jlieow-databricksdemoh1qo4d-rg/providers/Microsoft.Network/networkSecurityGroups/jlieow-databricksdemoh1qo4d-nsg",
            "subnet_id": "/subscriptions/edd4cc45-85c7-4aec-8bf5-648062d519bf/resourceGroups/jlieow-databricksdemoh1qo4d-rg/providers/Microsoft.Network/virtualNetworks/jlieow-databricksdemoh1qo4d-vnet/subnets/jlieow-databricksdemoh1qo4d-public",
            "timeouts": null
          },
          "sensitive_attributes": [],
          "identity_schema_version": 0,
          "private": "eyJlMmJmYjczMC1lY2FhLTExZTYtOGY4OC0zNDM2M2JjN2M0YzAiOnsiY3JlYXRlIjoxODAwMDAwMDAwMDAwLCJkZWxldGUiOjE4MDAwMDAwMDAwMDAsInJlYWQiOjMwMDAwMDAwMDAwMH19",
          "dependencies": [
            "azurerm_network_security_group.this",
            "azurerm_resource_group.this",
            "azurerm_subnet.public",
            "azurerm_virtual_network.this",
            "data.external.me",
            "random_string.naming"
          ]
        }
      ]
    },
    {
      "mode": "managed",
      "type": "azurerm_virtual_network",
      "name": "this",
      "provider": "provider[\"registry.terraform.io/hashicorp/azurerm\"]",
      "instances": [
        {
          "schema_version": 0,
          "attributes": {
            "address_space": [
              "10.179.0.0/20"
            ],
            "bgp_community": "",
            "ddos_protection_plan": [],
            "dns_servers": [],
            "edge_zone": "",
            "encryption": [],
            "flow_timeout_in_minutes": 0,
            "guid": "015bb51d-f8c4-4a59-8a23-ae17517328c9",
            "id": "/subscriptions/edd4cc45-85c7-4aec-8bf5-648062d519bf/resourceGroups/jlieow-databricksdemoh1qo4d-rg/providers/Microsoft.Network/virtualNetworks/jlieow-databricksdemoh1qo4d-vnet",
            "ip_address_pool": [],
            "location": "westeurope",
            "name": "jlieow-databricksdemoh1qo4d-vnet",
            "private_endpoint_vnet_policies": "Disabled",
            "resource_group_name": "jlieow-databricksdemoh1qo4d-rg",
            "subnet": [],
            "tags": {
              "Environment": "Demo",
              "Owner": "jerome.lieow@databricks.com"
            },
            "timeouts": null
          },
          "sensitive_attributes": [],
          "identity_schema_version": 0,
          "identity": {
            "name": "jlieow-databricksdemoh1qo4d-vnet",
            "resource_group_name": "jlieow-databricksdemoh1qo4d-rg",
            "subscription_id": "edd4cc45-85c7-4aec-8bf5-648062d519bf"
          },
          "private": "eyJlMmJmYjczMC1lY2FhLTExZTYtOGY4OC0zNDM2M2JjN2M0YzAiOnsiY3JlYXRlIjoxODAwMDAwMDAwMDAwLCJkZWxldGUiOjE4MDAwMDAwMDAwMDAsInJlYWQiOjMwMDAwMDAwMDAwMCwidXBkYXRlIjoxODAwMDAwMDAwMDAwfX0=",
          "dependencies": [
            "azurerm_resource_group.this",
            "data.external.me",
            "random_string.naming"
          ]
        }
      ]
    },
    {
      "mode": "managed",
      "type": "random_string",
      "name": "naming",
      "provider": "provider[\"registry.terraform.io/hashicorp/random\"]",
      "instances": [
        {
          "schema_version": 2,
          "attributes": {
            "id": "h1qo4d",
            "keepers": null,
            "length": 6,
            "lower": true,
            "min_lower": 0,
            "min_numeric": 0,
            "min_special": 0,
            "min_upper": 0,
            "number": true,
            "numeric": true,
            "override_special": null,
            "result": "h1qo4d",
            "special": false,
            "upper": false
          },
          "sensitive_attributes": [],
          "identity_schema_version": 0
        }
      ]
    }
  ],
  "check_results": null
}
