{
  "version": 4,
  "terraform_version": "1.13.2",
  "serial": 21,
  "lineage": "a9fc7a52-6bf6-3863-be0b-f5bae51fb24f",
  "outputs": {},
  "resources": [
    {
      "mode": "data",
      "type": "databricks_current_user",
      "name": "me",
      "provider": "provider[\"registry.terraform.io/databricks/databricks\"]",
      "instances": [
        {
          "schema_version": 0,
          "attributes": {
            "acl_principal_id": "users/jerome.lieow@databricks.com",
            "alphanumeric": "jerome_lieow",
            "external_id": "",
            "home": "/Users/jerome.lieow@databricks.com",
            "id": "78573460915885",
            "repos": "/Repos/jerome.lieow@databricks.com",
            "user_name": "jerome.lieow@databricks.com",
            "workspace_url": "https://dbc-ff528368-054e.cloud.databricks.com"
          },
          "sensitive_attributes": [],
          "identity_schema_version": 0
        }
      ]
    },
    {
      "mode": "managed",
      "type": "databricks_notebook",
      "name": "run_write_emp_data",
      "provider": "provider[\"registry.terraform.io/databricks/databricks\"]",
      "instances": [
        {
          "schema_version": 1,
          "attributes": {
            "content_base64": "IyBEYXRhYnJpY2tzIG5vdGVib29rIHNvdXJjZQojIFJ1biB0aGUgY2hpbGQgbm90ZWJvb2sgd2l0aCBQYXJhbWV0ZXIgLSBzYWxlcyBvciBwcm9kdWN0aW9uIG9yIG9mZmljZQpfY291bnQgPSBkYnV0aWxzLm5vdGVib29rLnJ1bigKICAgICJXcml0ZV9FbXBfRGF0YSIsCiAgICA2MDAsCiAgICB7ImRlcHQiIDogIm9mZmljZSJ9ICMgUGFzcyBpbiB0aGUgcGFyYW1ldGVycyB0byB0aGUgbm90ZWJvb2sKKQoKIyBDT01NQU5EIC0tLS0tLS0tLS0KCnByaW50KGYiQ2hpbGQgbm90ZWJvb2sgY291bnQ6IHtfY291bnR9Iik=",
            "format": "SOURCE",
            "id": "/Users/jerome.lieow@databricks.com/terraform_notebooks/notebook_jobs_with_schedules_and_parameters/Run_Write_Emp_Data",
            "language": "PYTHON",
            "md5": "d2b08fe12e37a8e5b8dc9396166bf1fc",
            "object_id": 3940933606137982,
            "object_type": "NOTEBOOK",
            "path": "/Users/jerome.lieow@databricks.com/terraform_notebooks/notebook_jobs_with_schedules_and_parameters/Run_Write_Emp_Data",
            "source": null,
            "url": "https://dbc-ff528368-054e.cloud.databricks.com/#workspace/Users/jerome.lieow@databricks.com/terraform_notebooks/notebook_jobs_with_schedules_and_parameters/Run_Write_Emp_Data",
            "workspace_path": "/Workspace/Users/jerome.lieow@databricks.com/terraform_notebooks/notebook_jobs_with_schedules_and_parameters/Run_Write_Emp_Data"
          },
          "sensitive_attributes": [],
          "identity_schema_version": 0,
          "private": "eyJzY2hlbWFfdmVyc2lvbiI6IjEifQ==",
          "dependencies": [
            "data.databricks_current_user.me"
          ]
        }
      ]
    },
    {
      "mode": "managed",
      "type": "databricks_notebook",
      "name": "write_emp_data",
      "provider": "provider[\"registry.terraform.io/databricks/databricks\"]",
      "instances": [
        {
          "schema_version": 1,
          "attributes": {
            "content_base64": "IyBEYXRhYnJpY2tzIG5vdGVib29rIHNvdXJjZQojIFZpZXcgZGF0YSBhdCBsb2NhdGlvbiAvZGF0YWJyaWNrcy1kYXRhc2V0cy9yZXRhaWwtb3JnL2NvbXBhbnlfZW1wbG95ZWVzL2NvbXBhbnlfZW1wbG95ZWVzLmNzdgoKZGlzcGxheShkYnV0aWxzLmZzLmhlYWQoIi9kYXRhYnJpY2tzLWRhdGFzZXRzL3JldGFpbC1vcmcvY29tcGFueV9lbXBsb3llZXMvY29tcGFueV9lbXBsb3llZXMuY3N2IikpCgojIENPTU1BTkQgLS0tLS0tLS0tLQoKIyBDcmVhdGUgUGFyYW1ldGVyIGRlcHQKCmRidXRpbHMud2lkZ2V0cy50ZXh0KCJkZXB0IiwgIiIsICJEZXBhcnRtZW50IE5hbWUiKQoKIyBDT01NQU5EIC0tLS0tLS0tLS0KCiMgR2V0IHRoZSBwYXJhbWV0ZXIgdmFsdWUgaW4gYSB2YXJpYWJsZSBfZGVwdAoKX2RlcHQgPSBkYnV0aWxzLndpZGdldHMuZ2V0KCJkZXB0IikKCiMgQ09NTUFORCAtLS0tLS0tLS0tCgpwcmludChfZGVwdCkKCiMgQ09NTUFORCAtLS0tLS0tLS0tCgojIFJlYWQgYWxsIGRhdGEgdGhyb3VnaCBTcGFyawpkZiA9IHNwYXJrLnJlYWQuY3N2KCIvZGF0YWJyaWNrcy1kYXRhc2V0cy9yZXRhaWwtb3JnL2NvbXBhbnlfZW1wbG95ZWVzL2NvbXBhbnlfZW1wbG95ZWVzLmNzdiIsIGhlYWRlcj1UcnVlKQoKIyBDT01NQU5EIC0tLS0tLS0tLS0KCmRpc3BsYXkoZGYpCgojIENPTU1BTkQgLS0tLS0tLS0tLQoKIyBGaWx0ZXIgZGF0YSBiYXNlZCBvbiBkZXBhcnRtZW50IGFuZCBhY3RpdmVfcmVjb3JkCmRmX2ZpbHRlcmVkID0gZGYud2hlcmUoZiJ1cHBlciAoZGVwYXJ0bWVudCkgPSB1cHBlciAoJ3tfZGVwdH0nKSBhbmQgYWN0aXZlX3JlY29yZCA9ICcxJyIpCgojIENPTU1BTkQgLS0tLS0tLS0tLQoKZGlzcGxheShkZl9maWx0ZXJlZCkKCiMgQ09NTUFORCAtLS0tLS0tLS0tCgojIFdyaXRlIGRhdGEgdG8gZGVsdGEgdGFibGUgd2l0aCBkZXBhcnRtZW50IG5hbWUKX2NvdW50ID0gZGZfZmlsdGVyZWQuY291bnQoKQppZiBfY291bnQgPiAwOgogICAgZGZfZmlsdGVyZWQud3JpdGUubW9kZSgib3ZlcndyaXRlIikuc2F2ZUFzVGFibGUoZiJkZXYuYnJvbnplLmRlcHRfe19kZXB0fSIpCiAgICBwcmludChmIkRhdGEgd3JpdHRlbiBmb3Ige19kZXB0fSIpCiAgICBkaXNwbGF5KHNwYXJrLnRhYmxlKGYiZGV2LmJyb256ZS5kZXB0X3tfZGVwdH0iKSkKZWxzZToKICAgIHByaW50IChmIk5vIGRhdGEgZm9yIHtfZGVwdH0iKQoKIyBDT01NQU5EIC0tLS0tLS0tLS0KCiMgRXhpdCBzdGF0dXMgYXMgLSBudW1iZXIgb2YgcmVjb3JkcyB3cml0dGVuCmRidXRpbHMubm90ZWJvb2suZXhpdCAoX2NvdW50KQ==",
            "format": "SOURCE",
            "id": "/Users/jerome.lieow@databricks.com/terraform_notebooks/notebook_jobs_with_schedules_and_parameters/Write_Emp_Data",
            "language": "PYTHON",
            "md5": "f817c3ca00285f16a04d83713754f025",
            "object_id": 3940933606137983,
            "object_type": "NOTEBOOK",
            "path": "/Users/jerome.lieow@databricks.com/terraform_notebooks/notebook_jobs_with_schedules_and_parameters/Write_Emp_Data",
            "source": null,
            "url": "https://dbc-ff528368-054e.cloud.databricks.com/#workspace/Users/jerome.lieow@databricks.com/terraform_notebooks/notebook_jobs_with_schedules_and_parameters/Write_Emp_Data",
            "workspace_path": "/Workspace/Users/jerome.lieow@databricks.com/terraform_notebooks/notebook_jobs_with_schedules_and_parameters/Write_Emp_Data"
          },
          "sensitive_attributes": [],
          "identity_schema_version": 0,
          "private": "eyJzY2hlbWFfdmVyc2lvbiI6IjEifQ==",
          "dependencies": [
            "data.databricks_current_user.me"
          ]
        }
      ]
    }
  ],
  "check_results": null
}
