{
  "version": 4,
  "terraform_version": "1.13.2",
  "serial": 69,
  "lineage": "a9fc7a52-6bf6-3863-be0b-f5bae51fb24f",
  "outputs": {},
  "resources": [
    {
      "mode": "managed",
      "type": "databricks_catalog",
      "name": "_jlieow_dev",
      "provider": "provider[\"registry.terraform.io/databricks/databricks\"]",
      "instances": [
        {
          "schema_version": 0,
          "attributes": {
            "comment": "This catalog is managed by terraform",
            "connection_name": null,
            "enable_predictive_optimization": "INHERIT",
            "force_destroy": false,
            "id": "_jlieow_dev",
            "isolation_mode": "OPEN",
            "metastore_id": "b86c6879-8c55-4e70-a585-18d16a4fa6e9",
            "name": "_jlieow_dev",
            "options": null,
            "owner": "jerome.lieow@databricks.com",
            "properties": null,
            "provider_name": null,
            "share_name": null,
            "storage_root": null
          },
          "sensitive_attributes": [],
          "identity_schema_version": 0,
          "private": "bnVsbA=="
        }
      ]
    },
    {
      "mode": "managed",
      "type": "databricks_schema",
      "name": "bronze",
      "provider": "provider[\"registry.terraform.io/databricks/databricks\"]",
      "instances": [
        {
          "schema_version": 0,
          "attributes": {
            "catalog_name": "_jlieow_dev",
            "comment": "This schea is managed by terraform",
            "enable_predictive_optimization": "INHERIT",
            "force_destroy": false,
            "id": "_jlieow_dev.bronze",
            "metastore_id": "b86c6879-8c55-4e70-a585-18d16a4fa6e9",
            "name": "bronze",
            "owner": "jerome.lieow@databricks.com",
            "properties": null,
            "schema_id": "ee55425f-3440-48f7-bfd1-97c9ef701c3b",
            "storage_root": null
          },
          "sensitive_attributes": [],
          "identity_schema_version": 0,
          "private": "bnVsbA==",
          "dependencies": [
            "databricks_catalog._jlieow_dev"
          ]
        }
      ]
    }
  ],
  "check_results": null
}
