{
  "version": 4,
  "terraform_version": "1.13.2",
  "serial": 73,
  "lineage": "a9fc7a52-6bf6-3863-be0b-f5bae51fb24f",
  "outputs": {},
  "resources": [
    {
      "mode": "data",
      "type": "databricks_current_user",
      "name": "me",
      "provider": "provider[\"registry.terraform.io/databricks/databricks\"]",
      "instances": [
        {
          "schema_version": 0,
          "attributes": {
            "acl_principal_id": "users/jerome.lieow@databricks.com",
            "alphanumeric": "jerome_lieow",
            "external_id": "2129c45e-f9f2-4dc4-8781-15c1aa6be790",
            "home": "/Users/jerome.lieow@databricks.com",
            "id": "143749489820074",
            "repos": "/Repos/jerome.lieow@databricks.com",
            "user_name": "jerome.lieow@databricks.com",
            "workspace_url": "https://adb-984752964297111.11.azuredatabricks.net"
          },
          "sensitive_attributes": [],
          "identity_schema_version": 0
        }
      ]
    },
    {
      "mode": "managed",
      "type": "databricks_catalog",
      "name": "_jlieow_dev",
      "provider": "provider[\"registry.terraform.io/databricks/databricks\"]",
      "instances": [
        {
          "schema_version": 0,
          "attributes": {
            "comment": "This catalog is managed by terraform",
            "connection_name": null,
            "enable_predictive_optimization": "INHERIT",
            "force_destroy": false,
            "id": "_jlieow_dev",
            "isolation_mode": "OPEN",
            "metastore_id": "b86c6879-8c55-4e70-a585-18d16a4fa6e9",
            "name": "_jlieow_dev",
            "options": null,
            "owner": "jerome.lieow@databricks.com",
            "properties": null,
            "provider_name": null,
            "share_name": null,
            "storage_root": null
          },
          "sensitive_attributes": [],
          "identity_schema_version": 0,
          "private": "bnVsbA=="
        }
      ]
    },
    {
      "mode": "managed",
      "type": "databricks_job",
      "name": "run_00_setup",
      "provider": "provider[\"registry.terraform.io/databricks/databricks\"]",
      "instances": [
        {
          "schema_version": 2,
          "attributes": {
            "always_running": false,
            "budget_policy_id": null,
            "continuous": [],
            "control_run_state": false,
            "dbt_task": [],
            "deployment": [],
            "description": "This job runs 00_setup.",
            "edit_mode": null,
            "email_notifications": [
              {
                "no_alert_for_skipped_runs": false,
                "on_duration_warning_threshold_exceeded": [],
                "on_failure": [],
                "on_start": [],
                "on_streaming_backlog_exceeded": [],
                "on_success": []
              }
            ],
            "environment": [],
            "existing_cluster_id": null,
            "format": "MULTI_TASK",
            "git_source": [],
            "health": [],
            "id": "222431349714204",
            "job_cluster": [],
            "library": [],
            "max_concurrent_runs": 1,
            "max_retries": 0,
            "min_retry_interval_millis": 0,
            "name": "jlieow_job_00_setup",
            "new_cluster": [],
            "notebook_task": [],
            "notification_settings": [],
            "parameter": [],
            "performance_target": null,
            "pipeline_task": [],
            "python_wheel_task": [],
            "queue": [
              {
                "enabled": false
              }
            ],
            "retry_on_timeout": false,
            "run_as": [
              {
                "service_principal_name": "",
                "user_name": "jerome.lieow@databricks.com"
              }
            ],
            "run_job_task": [],
            "schedule": [],
            "spark_jar_task": [],
            "spark_python_task": [],
            "spark_submit_task": [],
            "tags": null,
            "task": [
              {
                "clean_rooms_notebook_task": [],
                "condition_task": [],
                "dashboard_task": [],
                "dbt_cloud_task": [],
                "dbt_platform_task": [],
                "dbt_task": [],
                "depends_on": [],
                "description": "",
                "disable_auto_optimization": false,
                "email_notifications": [
                  {
                    "no_alert_for_skipped_runs": false,
                    "on_duration_warning_threshold_exceeded": [],
                    "on_failure": [],
                    "on_start": [],
                    "on_streaming_backlog_exceeded": [],
                    "on_success": []
                  }
                ],
                "environment_key": "",
                "existing_cluster_id": "",
                "for_each_task": [],
                "gen_ai_compute_task": [],
                "health": [],
                "job_cluster_key": "",
                "library": [],
                "max_retries": 0,
                "min_retry_interval_millis": 0,
                "new_cluster": [],
                "notebook_task": [
                  {
                    "base_parameters": null,
                    "notebook_path": "/Users/jerome.lieow@databricks.com/terraform_notebooks/delta_live_tables/00_setup",
                    "source": "WORKSPACE",
                    "warehouse_id": ""
                  }
                ],
                "notification_settings": [],
                "pipeline_task": [],
                "power_bi_task": [],
                "python_wheel_task": [],
                "retry_on_timeout": false,
                "run_if": "ALL_SUCCESS",
                "run_job_task": [],
                "spark_jar_task": [],
                "spark_python_task": [],
                "spark_submit_task": [],
                "sql_task": [],
                "task_key": "00_setup",
                "timeout_seconds": 0,
                "webhook_notifications": []
              }
            ],
            "timeout_seconds": 0,
            "timeouts": null,
            "trigger": [],
            "url": "https://adb-984752964297111.11.azuredatabricks.net/#job/222431349714204",
            "webhook_notifications": [
              {
                "on_duration_warning_threshold_exceeded": [],
                "on_failure": [],
                "on_start": [],
                "on_streaming_backlog_exceeded": [],
                "on_success": []
              }
            ]
          },
          "sensitive_attributes": [],
          "identity_schema_version": 0,
          "private": "eyJlMmJmYjczMC1lY2FhLTExZTYtOGY4OC0zNDM2M2JjN2M0YzAiOnsiY3JlYXRlIjoxODAwMDAwMDAwMDAwLCJ1cGRhdGUiOjE4MDAwMDAwMDAwMDB9LCJzY2hlbWFfdmVyc2lvbiI6IjIifQ==",
          "dependencies": [
            "data.databricks_current_user.me",
            "databricks_notebook._00_setup"
          ]
        }
      ]
    },
    {
      "mode": "managed",
      "type": "databricks_notebook",
      "name": "_00_setup",
      "provider": "provider[\"registry.terraform.io/databricks/databricks\"]",
      "instances": [
        {
          "schema_version": 1,
          "attributes": {
            "content_base64": "LS0gRGF0YWJyaWNrcyBub3RlYm9vayBzb3VyY2UKLS0gQ2xlYW5zIHVwIGRhbmdsaW5nIHJlc291cmNlcyB0byBlbnN1cmUgaWRlbXBvdGVuY3kKRFJPUCBTQ0hFTUEgSUYgRVhJU1RTIF9qbGllb3dfZGV2LmV0bCBDQVNDQURFOwpEUk9QIFRBQkxFIElGIEVYSVNUUyBfamxpZW93X2Rldi5icm9uemUub3JkZXJzX3JhdzsKRFJPUCBUQUJMRSBJRiBFWElTVFMgX2psaWVvd19kZXYuYnJvbnplLmN1c3RvbWVyX3JhdzsKCi0tIENPTU1BTkQgLS0tLS0tLS0tLQoKLS0gQ1JFQVRFIE5FVyBTQ0hFTUEKQ1JFQVRFIFNDSEVNQSBJRiBOT1QgRVhJU1RTIF9qbGllb3dfZGV2LmV0bApDT01NRU5UICdTQ0hFTUEgRk9SIERMVCBJTlRST0RVQ1RJT04nOwoKLS0gQ09NTUFORCAtLS0tLS0tLS0tCgotLSBDTE9ORSBTT01FIFNBTVBMRSBUQUJMRVMKQ1JFQVRFIFRBQkxFIElGIE5PVCBFWElTVFMgX2psaWVvd19kZXYuYnJvbnplLm9yZGVyc19yYXcgREVFUCBDTE9ORSBzYW1wbGVzLnRwY2gub3JkZXJzOwpDUkVBVEUgVEFCTEUgSUYgTk9UIEVYSVNUUyBfamxpZW93X2Rldi5icm9uemUuY3VzdG9tZXJfcmF3IERFRVAgQ0xPTkUgc2FtcGxlcy4gdHBjaC4gY3VzdG9tZXI7CgotLSBDT01NQU5EIC0tLS0tLS0tLS0KClNFTEVDVCAqIEZST00gX2psaWVvd19kZXYuYnJvbnplLm9yZGVyc19yYXc7CgotLSBDT01NQU5EIC0tLS0tLS0tLS0KClNFTEVDVCAqIEZST00gX2psaWVvd19kZXYuYnJvbnplLmN1c3RvbWVyX3Jhdzs=",
            "format": "SOURCE",
            "id": "/Users/jerome.lieow@databricks.com/terraform_notebooks/delta_live_tables/00_setup",
            "language": "SQL",
            "md5": "ee399f63f86f647185dfed3e9a83aedd",
            "object_id": 3036037102153146,
            "object_type": "NOTEBOOK",
            "path": "/Users/jerome.lieow@databricks.com/terraform_notebooks/delta_live_tables/00_setup",
            "source": null,
            "url": "https://adb-984752964297111.11.azuredatabricks.net/#workspace/Users/jerome.lieow@databricks.com/terraform_notebooks/delta_live_tables/00_setup",
            "workspace_path": "/Workspace/Users/jerome.lieow@databricks.com/terraform_notebooks/delta_live_tables/00_setup"
          },
          "sensitive_attributes": [],
          "identity_schema_version": 0,
          "private": "eyJzY2hlbWFfdmVyc2lvbiI6IjEifQ==",
          "dependencies": [
            "data.databricks_current_user.me"
          ]
        }
      ]
    },
    {
      "mode": "managed",
      "type": "databricks_notebook",
      "name": "_01_dlt",
      "provider": "provider[\"registry.terraform.io/databricks/databricks\"]",
      "instances": [
        {
          "schema_version": 1,
          "attributes": {
            "content_base64": "IyBEYXRhYnJpY2tzIG5vdGVib29rIHNvdXJjZQojIERMVCB3b3JrcyB3aXRoIHRocmVlIHR5cGVzIG9mIERhdGFzZXRzCiMgU3RyZWFtaW5nIFRhYmxlcyAoUGVybWFuZW50L1RlbXBvcmFyeSkgLSBVc2VkIGFzIEFwcGVuZCBEYXRhIFNvdXJjZXMsIEluY3JlbWVudGFsIGRhdGEKIyBNYXRlcmlhbGl6ZWQgVmlld3MgLSBVc2VkIGZvciB0cmFuc2Zvcm1hdGlvbnMsIGFnZ3JlZ2F0aW9ucyBvciBjb21wdXRhdGlvbnMKIyBWaWV3cyAtIFVzZWQgZm9yIGludGVybWVkaWF0ZSBUcmFuZm9ybWF0aW9ucywgbm90IHN0b3JlZCBpbiBUYXJnZXQgU2NoZW1hCgppbXBvcnQgZGx0CgojIENPTU1BTkQgLS0tLS0tLS0tLQoKIyBDcmVhdGUgYSBTdHJlYW1pbmcgVGFibGUgZm9yIG9yZGVycwojIElucHV0IGZvciBTdHJlYW0gVGFibGUgaXMgYSBzdHJlYW1pbmcgc291cmNlCkBkbHQudGFibGUoCiAgdGFibGVfcHJvcGVydGllcyA9IHsicXVhbGl0eSI6ICJicm9uemUifSwKICBjb21tZW50ID0gIk9yZGVyIGJyb256ZSB0YWJsZSIKKQpkZWYgb3JkZXJzX2Jyb256ZSgpOgogIGRmID0gc3BhcmsucmVhZFN0cmVhbS50YWJsZSgiX2psaWVvd19kZXYuYnJvbnplLm9yZGVyc19yYXciKQogIHJldHVybiBkZgoKIyBDT01NQU5EIC0tLS0tLS0tLS0KCiMgQ3JlYXRlIGEgTWF0ZXJpYWxpemVkIFZpZXcgZm9yIGN1c3RvbWVycwojIElucHV0IGZvciBNYXRlcmlhbGl6ZWQgVmlldyBpcyBhIGJhdGNoIHNvdXJjZQpAZGx0LiB0YWJsZSgKICB0YWJsZV9wcm9wZXJ0aWVzID0geyJxdWFsaXR5IjogImJyb256ZSJ9LAogIGNvbW1lbnQgPSAiQ3VzdG9tZXIgYnJvbnplIHRhYmxlIiwKICBuYW1lID0gImN1c3RvbWVyX2Jyb256ZSIgIyBJZiBuYW1lIGlzIHNwZWNpZmllZCBpbiB0aGUgZGVjb3JhdG9yLCB0YWJsZXMvdmlld3MgdGFrZSB0aGlzIG5hbWUgaW5zdGVhZCBvZiB0aGUgZnVuY3Rpb24gbmFtZS4KKQpkZWYgY3VzdF9icm9uemUoKToKICBkZiA9IHNwYXJrLnJlYWQudGFibGUoIl9qbGllb3dfZGV2LmJyb256ZS5jdXN0b21lcl9yYXciKQogIHJldHVybiBkZgoKIyBDT01NQU5EIC0tLS0tLS0tLS0KCiMgQ3JlYXRlIGEgVmlldyB0byBqb2luIG9yZGVycyB3aXRoIGN1c3RvbWVycwpAZGx0LnZpZXcoCiAgY29tbWVudCA9ICJKb2luZWQgVmlldyIKKQpkZWYgam9pbmVkX3Z3KCk6CiAgZGZfbyA9IHNwYXJrLnJlYWQudGFibGUoIkxJVkUub3JkZXJzX2Jyb256ZSIpCiAgZGZfYyA9IHNwYXJrLnJlYWQudGFibGUoIkxJVkUuY3VzdG9tZXJfYnJvbnplIikKICAKICBkZl9qb2luID0gZGZfby5qb2luKGRmX2MsIGhvdyA9ICJsZWZ0X291dGVyIiwgb249ZGZfYy5jX2N1c3RrZXk9PWRmX28ub19jdXN0a2V5KQogIAogIHJldHVybiBkZl9qb2luCgojIENPTU1BTkQgLS0tLS0tLS0tLQoKIyBDcmVhdGUgTVYgdG8gYWRkIG5ldyBjb2x1bW4KZnJvbSBweXNwYXJrLnNxbC5mdW5jdGlvbnMgaW1wb3J0IGN1cnJlbnRfdGltZXN0YW1wCgpAZGx0LiB0YWJsZSgKICB0YWJsZV9wcm9wZXJ0aWVzID0geyJxdWFsaXR5IjogInNpbHZlciJ9LAogIGNvbW1lbnQgPSAiSm9pbmVkIHRhYmxlIiwKICBuYW1lID0gImpvaW5lZF9zaWx2ZXIiCikKZGVmIGpvaW5lZF9zaWx2ZXIoKToKICBkZiA9IHNwYXJrLnJlYWQudGFibGUoIkxJVkUuam9pbmVkX3Z3Iikud2l0aENvbHVtbigiX19pbnNlcnRfZGF0ZSIsIGN1cnJlbnRfdGltZXN0YW1wKCkpCiAgcmV0dXJuIGRmCgojIENPTU1BTkQgLS0tLS0tLS0tLQoKIyBBZ2dyZWdhdGUgYmFzZWQgb24gY19ta3RzZWdtZW50IGFuZCBmaW5kIHRoZSBjb3VudCBvZiBvcmRlciAoY19vcmRlcmtleSkKZnJvbSBweXNwYXJrLnNxbC5mdW5jdGlvbnMgaW1wb3J0IGNvdW50CgpAZGx0LiB0YWJsZSgKICB0YWJsZV9wcm9wZXJ0aWVzID0geyJxdWFsaXR5IjogImdvbGQifSwKICBjb21tZW50ID0gIm9yZGVycyBhZ2dyZWdhdGVkIHRhYmxlIgopCmRlZiBvcmRlcnNfYWdnX2dvbGQoKToKICBkZiA9IHNwYXJrLnJlYWQudGFibGUoIkxJVkUuam9pbmVkX3NpbHZlciIpCgogIGRmX2ZpbmFsID0gZGYuZ3JvdXBCeSgiY19ta3RzZWdtZW50IikuYWdnKGNvdW50KCJvX29yZGVya2V5IikuYWxpYXMoInN1bV9vcmRlcnMiKSkud2l0aENvbHVtbigiX19pbnNlcnRfZGF0ZSIsIAogIGN1cnJlbnRfdGltZXN0YW1wKCkpCgogIHJldHVybiBkZl9maW5hbA==",
            "format": "SOURCE",
            "id": "/Users/jerome.lieow@databricks.com/terraform_notebooks/delta_live_tables/01_dlt",
            "language": "PYTHON",
            "md5": "b0c525a803bb0ebe5798bafef162e5b3",
            "object_id": 3036037102153145,
            "object_type": "NOTEBOOK",
            "path": "/Users/jerome.lieow@databricks.com/terraform_notebooks/delta_live_tables/01_dlt",
            "source": null,
            "url": "https://adb-984752964297111.11.azuredatabricks.net/#workspace/Users/jerome.lieow@databricks.com/terraform_notebooks/delta_live_tables/01_dlt",
            "workspace_path": "/Workspace/Users/jerome.lieow@databricks.com/terraform_notebooks/delta_live_tables/01_dlt"
          },
          "sensitive_attributes": [],
          "identity_schema_version": 0,
          "private": "eyJzY2hlbWFfdmVyc2lvbiI6IjEifQ==",
          "dependencies": [
            "data.databricks_current_user.me"
          ]
        }
      ]
    },
    {
      "mode": "managed",
      "type": "databricks_schema",
      "name": "bronze",
      "provider": "provider[\"registry.terraform.io/databricks/databricks\"]",
      "instances": [
        {
          "schema_version": 0,
          "attributes": {
            "catalog_name": "_jlieow_dev",
            "comment": "This schea is managed by terraform",
            "enable_predictive_optimization": "INHERIT",
            "force_destroy": true,
            "id": "_jlieow_dev.bronze",
            "metastore_id": "b86c6879-8c55-4e70-a585-18d16a4fa6e9",
            "name": "bronze",
            "owner": "jerome.lieow@databricks.com",
            "properties": null,
            "schema_id": "ee55425f-3440-48f7-bfd1-97c9ef701c3b",
            "storage_root": null
          },
          "sensitive_attributes": [],
          "identity_schema_version": 0,
          "private": "bnVsbA==",
          "dependencies": [
            "databricks_catalog._jlieow_dev"
          ]
        }
      ]
    }
  ],
  "check_results": null
}
