{
  "version": 4,
  "terraform_version": "1.13.2",
  "serial": 93,
  "lineage": "a9fc7a52-6bf6-3863-be0b-f5bae51fb24f",
  "outputs": {
    "databricks_pipeline": {
      "value": {
        "allow_duplicate_names": false,
        "budget_policy_id": null,
        "catalog": "_jlieow_dev",
        "cause": null,
        "channel": "CURRENT",
        "cluster": [
          {
            "apply_policy_default_values": false,
            "autoscale": [],
            "aws_attributes": [],
            "azure_attributes": [],
            "cluster_log_conf": [],
            "custom_tags": {},
            "driver_instance_pool_id": "",
            "driver_node_type_id": "",
            "enable_local_disk_encryption": false,
            "gcp_attributes": [],
            "init_scripts": [],
            "instance_pool_id": "",
            "label": "default",
            "node_type_id": "Standard_DS3_v2",
            "num_workers": 1,
            "policy_id": "001AD56B4D4499E7",
            "spark_conf": {},
            "spark_env_vars": {},
            "ssh_public_keys": []
          }
        ],
        "cluster_id": "0921-180111-n2b3e084",
        "configuration": null,
        "continuous": false,
        "creator_user_name": "jerome.lieow@databricks.com",
        "deployment": [],
        "development": true,
        "edition": "CORE",
        "environment": [],
        "event_log": [],
        "expected_last_modified": 0,
        "filters": [],
        "gateway_definition": [],
        "health": null,
        "id": "831ffcbe-fbd3-465e-8481-e17ee1d2edb1",
        "ingestion_definition": [],
        "last_modified": 1758477518466,
        "latest_updates": [
          {
            "creation_time": "2025-09-21T18:51:50.766Z",
            "state": "COMPLETED",
            "update_id": "bd349827-7ec0-4db7-bc14-287fb91efecd"
          },
          {
            "creation_time": "2025-09-21T18:19:12.239Z",
            "state": "COMPLETED",
            "update_id": "852eaae0-9243-47b5-8a0c-921d2e3ce57a"
          },
          {
            "creation_time": "2025-09-21T18:17:04.306Z",
            "state": "COMPLETED",
            "update_id": "469b0983-f59a-4ad5-986c-ca7b0d2926a5"
          },
          {
            "creation_time": "2025-09-21T18:01:10.332Z",
            "state": "COMPLETED",
            "update_id": "bef92abe-b86c-49bc-9c11-cb8592df0fa0"
          },
          {
            "creation_time": "2025-09-21T17:58:58.133Z",
            "state": "CANCELED",
            "update_id": "a0a485a9-6201-4df1-84a6-866fbbbdc5e0"
          }
        ],
        "library": [
          {
            "file": [],
            "glob": [],
            "jar": "",
            "maven": [],
            "notebook": [
              {
                "path": "/Users/jerome.lieow@databricks.com/terraform_notebooks/delta_live_tables/01_dlt"
              }
            ],
            "whl": ""
          }
        ],
        "name": "jlieow_pipeline_00_dlt_sample",
        "notification": [],
        "photon": false,
        "restart_window": [],
        "root_path": null,
        "run_as": [
          {
            "service_principal_name": "",
            "user_name": "jerome.lieow@databricks.com"
          }
        ],
        "run_as_user_name": "jerome.lieow@databricks.com",
        "schema": "etl",
        "serverless": false,
        "state": "IDLE",
        "storage": null,
        "tags": null,
        "target": null,
        "timeouts": null,
        "trigger": [],
        "url": "https://adb-984752964297111.11.azuredatabricks.net/#joblist/pipelines/831ffcbe-fbd3-465e-8481-e17ee1d2edb1"
      },
      "type": [
        "object",
        {
          "allow_duplicate_names": "bool",
          "budget_policy_id": "string",
          "catalog": "string",
          "cause": "string",
          "channel": "string",
          "cluster": [
            "list",
            [
              "object",
              {
                "apply_policy_default_values": "bool",
                "autoscale": [
                  "list",
                  [
                    "object",
                    {
                      "max_workers": "number",
                      "min_workers": "number",
                      "mode": "string"
                    }
                  ]
                ],
                "aws_attributes": [
                  "list",
                  [
                    "object",
                    {
                      "availability": "string",
                      "ebs_volume_count": "number",
                      "ebs_volume_iops": "number",
                      "ebs_volume_size": "number",
                      "ebs_volume_throughput": "number",
                      "ebs_volume_type": "string",
                      "first_on_demand": "number",
                      "instance_profile_arn": "string",
                      "spot_bid_price_percent": "number",
                      "zone_id": "string"
                    }
                  ]
                ],
                "azure_attributes": [
                  "list",
                  [
                    "object",
                    {
                      "availability": "string",
                      "first_on_demand": "number",
                      "log_analytics_info": [
                        "list",
                        [
                          "object",
                          {
                            "log_analytics_primary_key": "string",
                            "log_analytics_workspace_id": "string"
                          }
                        ]
                      ],
                      "spot_bid_max_price": "number"
                    }
                  ]
                ],
                "cluster_log_conf": [
                  "list",
                  [
                    "object",
                    {
                      "dbfs": [
                        "list",
                        [
                          "object",
                          {
                            "destination": "string"
                          }
                        ]
                      ],
                      "s3": [
                        "list",
                        [
                          "object",
                          {
                            "canned_acl": "string",
                            "destination": "string",
                            "enable_encryption": "bool",
                            "encryption_type": "string",
                            "endpoint": "string",
                            "kms_key": "string",
                            "region": "string"
                          }
                        ]
                      ],
                      "volumes": [
                        "list",
                        [
                          "object",
                          {
                            "destination": "string"
                          }
                        ]
                      ]
                    }
                  ]
                ],
                "custom_tags": [
                  "map",
                  "string"
                ],
                "driver_instance_pool_id": "string",
                "driver_node_type_id": "string",
                "enable_local_disk_encryption": "bool",
                "gcp_attributes": [
                  "list",
                  [
                    "object",
                    {
                      "availability": "string",
                      "google_service_account": "string",
                      "local_ssd_count": "number",
                      "zone_id": "string"
                    }
                  ]
                ],
                "init_scripts": [
                  "list",
                  [
                    "object",
                    {
                      "abfss": [
                        "list",
                        [
                          "object",
                          {
                            "destination": "string"
                          }
                        ]
                      ],
                      "dbfs": [
                        "list",
                        [
                          "object",
                          {
                            "destination": "string"
                          }
                        ]
                      ],
                      "file": [
                        "list",
                        [
                          "object",
                          {
                            "destination": "string"
                          }
                        ]
                      ],
                      "gcs": [
                        "list",
                        [
                          "object",
                          {
                            "destination": "string"
                          }
                        ]
                      ],
                      "s3": [
                        "list",
                        [
                          "object",
                          {
                            "canned_acl": "string",
                            "destination": "string",
                            "enable_encryption": "bool",
                            "encryption_type": "string",
                            "endpoint": "string",
                            "kms_key": "string",
                            "region": "string"
                          }
                        ]
                      ],
                      "volumes": [
                        "list",
                        [
                          "object",
                          {
                            "destination": "string"
                          }
                        ]
                      ],
                      "workspace": [
                        "list",
                        [
                          "object",
                          {
                            "destination": "string"
                          }
                        ]
                      ]
                    }
                  ]
                ],
                "instance_pool_id": "string",
                "label": "string",
                "node_type_id": "string",
                "num_workers": "number",
                "policy_id": "string",
                "spark_conf": [
                  "map",
                  "string"
                ],
                "spark_env_vars": [
                  "map",
                  "string"
                ],
                "ssh_public_keys": [
                  "list",
                  "string"
                ]
              }
            ]
          ],
          "cluster_id": "string",
          "configuration": [
            "map",
            "string"
          ],
          "continuous": "bool",
          "creator_user_name": "string",
          "deployment": [
            "list",
            [
              "object",
              {
                "kind": "string",
                "metadata_file_path": "string"
              }
            ]
          ],
          "development": "bool",
          "edition": "string",
          "environment": [
            "list",
            [
              "object",
              {
                "dependencies": [
                  "list",
                  "string"
                ]
              }
            ]
          ],
          "event_log": [
            "list",
            [
              "object",
              {
                "catalog": "string",
                "name": "string",
                "schema": "string"
              }
            ]
          ],
          "expected_last_modified": "number",
          "filters": [
            "list",
            [
              "object",
              {
                "exclude": [
                  "list",
                  "string"
                ],
                "include": [
                  "list",
                  "string"
                ]
              }
            ]
          ],
          "gateway_definition": [
            "list",
            [
              "object",
              {
                "connection_id": "string",
                "connection_name": "string",
                "gateway_storage_catalog": "string",
                "gateway_storage_name": "string",
                "gateway_storage_schema": "string"
              }
            ]
          ],
          "health": "string",
          "id": "string",
          "ingestion_definition": [
            "list",
            [
              "object",
              {
                "connection_name": "string",
                "ingestion_gateway_id": "string",
                "objects": [
                  "list",
                  [
                    "object",
                    {
                      "report": [
                        "list",
                        [
                          "object",
                          {
                            "destination_catalog": "string",
                            "destination_schema": "string",
                            "destination_table": "string",
                            "source_url": "string",
                            "table_configuration": [
                              "list",
                              [
                                "object",
                                {
                                  "exclude_columns": [
                                    "list",
                                    "string"
                                  ],
                                  "include_columns": [
                                    "list",
                                    "string"
                                  ],
                                  "primary_keys": [
                                    "list",
                                    "string"
                                  ],
                                  "salesforce_include_formula_fields": "bool",
                                  "scd_type": "string",
                                  "sequence_by": [
                                    "list",
                                    "string"
                                  ]
                                }
                              ]
                            ]
                          }
                        ]
                      ],
                      "schema": [
                        "list",
                        [
                          "object",
                          {
                            "destination_catalog": "string",
                            "destination_schema": "string",
                            "source_catalog": "string",
                            "source_schema": "string",
                            "table_configuration": [
                              "list",
                              [
                                "object",
                                {
                                  "exclude_columns": [
                                    "list",
                                    "string"
                                  ],
                                  "include_columns": [
                                    "list",
                                    "string"
                                  ],
                                  "primary_keys": [
                                    "list",
                                    "string"
                                  ],
                                  "salesforce_include_formula_fields": "bool",
                                  "scd_type": "string",
                                  "sequence_by": [
                                    "list",
                                    "string"
                                  ]
                                }
                              ]
                            ]
                          }
                        ]
                      ],
                      "table": [
                        "list",
                        [
                          "object",
                          {
                            "destination_catalog": "string",
                            "destination_schema": "string",
                            "destination_table": "string",
                            "source_catalog": "string",
                            "source_schema": "string",
                            "source_table": "string",
                            "table_configuration": [
                              "list",
                              [
                                "object",
                                {
                                  "exclude_columns": [
                                    "list",
                                    "string"
                                  ],
                                  "include_columns": [
                                    "list",
                                    "string"
                                  ],
                                  "primary_keys": [
                                    "list",
                                    "string"
                                  ],
                                  "salesforce_include_formula_fields": "bool",
                                  "scd_type": "string",
                                  "sequence_by": [
                                    "list",
                                    "string"
                                  ]
                                }
                              ]
                            ]
                          }
                        ]
                      ]
                    }
                  ]
                ],
                "source_type": "string",
                "table_configuration": [
                  "list",
                  [
                    "object",
                    {
                      "exclude_columns": [
                        "list",
                        "string"
                      ],
                      "include_columns": [
                        "list",
                        "string"
                      ],
                      "primary_keys": [
                        "list",
                        "string"
                      ],
                      "salesforce_include_formula_fields": "bool",
                      "scd_type": "string",
                      "sequence_by": [
                        "list",
                        "string"
                      ]
                    }
                  ]
                ]
              }
            ]
          ],
          "last_modified": "number",
          "latest_updates": [
            "list",
            [
              "object",
              {
                "creation_time": "string",
                "state": "string",
                "update_id": "string"
              }
            ]
          ],
          "library": [
            "list",
            [
              "object",
              {
                "file": [
                  "list",
                  [
                    "object",
                    {
                      "path": "string"
                    }
                  ]
                ],
                "glob": [
                  "list",
                  [
                    "object",
                    {
                      "include": "string"
                    }
                  ]
                ],
                "jar": "string",
                "maven": [
                  "list",
                  [
                    "object",
                    {
                      "coordinates": "string",
                      "exclusions": [
                        "list",
                        "string"
                      ],
                      "repo": "string"
                    }
                  ]
                ],
                "notebook": [
                  "list",
                  [
                    "object",
                    {
                      "path": "string"
                    }
                  ]
                ],
                "whl": "string"
              }
            ]
          ],
          "name": "string",
          "notification": [
            "list",
            [
              "object",
              {
                "alerts": [
                  "list",
                  "string"
                ],
                "email_recipients": [
                  "list",
                  "string"
                ]
              }
            ]
          ],
          "photon": "bool",
          "restart_window": [
            "list",
            [
              "object",
              {
                "days_of_week": [
                  "list",
                  "string"
                ],
                "start_hour": "number",
                "time_zone_id": "string"
              }
            ]
          ],
          "root_path": "string",
          "run_as": [
            "list",
            [
              "object",
              {
                "service_principal_name": "string",
                "user_name": "string"
              }
            ]
          ],
          "run_as_user_name": "string",
          "schema": "string",
          "serverless": "bool",
          "state": "string",
          "storage": "string",
          "tags": [
            "map",
            "string"
          ],
          "target": "string",
          "timeouts": [
            "object",
            {
              "default": "string"
            }
          ],
          "trigger": [
            "list",
            [
              "object",
              {
                "cron": [
                  "list",
                  [
                    "object",
                    {
                      "quartz_cron_schedule": "string",
                      "timezone_id": "string"
                    }
                  ]
                ],
                "manual": [
                  "list",
                  [
                    "object",
                    {}
                  ]
                ]
              }
            ]
          ],
          "url": "string"
        }
      ]
    }
  },
  "resources": [
    {
      "mode": "data",
      "type": "databricks_current_user",
      "name": "me",
      "provider": "provider[\"registry.terraform.io/databricks/databricks\"]",
      "instances": [
        {
          "schema_version": 0,
          "attributes": {
            "acl_principal_id": "users/jerome.lieow@databricks.com",
            "alphanumeric": "jerome_lieow",
            "external_id": "2129c45e-f9f2-4dc4-8781-15c1aa6be790",
            "home": "/Users/jerome.lieow@databricks.com",
            "id": "143749489820074",
            "repos": "/Repos/jerome.lieow@databricks.com",
            "user_name": "jerome.lieow@databricks.com",
            "workspace_url": "https://adb-984752964297111.11.azuredatabricks.net"
          },
          "sensitive_attributes": [],
          "identity_schema_version": 0
        }
      ]
    },
    {
      "mode": "managed",
      "type": "databricks_catalog",
      "name": "_jlieow_dev",
      "provider": "provider[\"registry.terraform.io/databricks/databricks\"]",
      "instances": [
        {
          "schema_version": 0,
          "attributes": {
            "comment": "This catalog is managed by terraform",
            "connection_name": null,
            "enable_predictive_optimization": "INHERIT",
            "force_destroy": false,
            "id": "_jlieow_dev",
            "isolation_mode": "OPEN",
            "metastore_id": "b86c6879-8c55-4e70-a585-18d16a4fa6e9",
            "name": "_jlieow_dev",
            "options": null,
            "owner": "jerome.lieow@databricks.com",
            "properties": null,
            "provider_name": null,
            "share_name": null,
            "storage_root": null
          },
          "sensitive_attributes": [],
          "identity_schema_version": 0,
          "private": "bnVsbA=="
        }
      ]
    },
    {
      "mode": "managed",
      "type": "databricks_cluster_policy",
      "name": "policy",
      "provider": "provider[\"registry.terraform.io/databricks/databricks\"]",
      "instances": [
        {
          "schema_version": 1,
          "attributes": {
            "definition": "{\"autotermination_minutes\":{\"hidden\":false,\"type\":\"fixed\",\"value\":5}}",
            "description": null,
            "id": "001AD56B4D4499E7",
            "libraries": [],
            "max_clusters_per_user": 0,
            "name": "jlieow_cluster_policy",
            "policy_family_definition_overrides": null,
            "policy_family_id": null,
            "policy_id": "001AD56B4D4499E7"
          },
          "sensitive_attributes": [],
          "identity_schema_version": 0,
          "private": "eyJzY2hlbWFfdmVyc2lvbiI6IjEifQ=="
        }
      ]
    },
    {
      "mode": "managed",
      "type": "databricks_job",
      "name": "run_00_setup",
      "provider": "provider[\"registry.terraform.io/databricks/databricks\"]",
      "instances": [
        {
          "schema_version": 2,
          "attributes": {
            "always_running": false,
            "budget_policy_id": null,
            "continuous": [],
            "control_run_state": false,
            "dbt_task": [],
            "deployment": [],
            "description": "This job runs 00_setup.",
            "edit_mode": null,
            "email_notifications": [
              {
                "no_alert_for_skipped_runs": false,
                "on_duration_warning_threshold_exceeded": [],
                "on_failure": [],
                "on_start": [],
                "on_streaming_backlog_exceeded": [],
                "on_success": []
              }
            ],
            "environment": [],
            "existing_cluster_id": null,
            "format": "MULTI_TASK",
            "git_source": [],
            "health": [],
            "id": "222431349714204",
            "job_cluster": [],
            "library": [],
            "max_concurrent_runs": 1,
            "max_retries": 0,
            "min_retry_interval_millis": 0,
            "name": "jlieow_job_00_setup",
            "new_cluster": [],
            "notebook_task": [],
            "notification_settings": [],
            "parameter": [],
            "performance_target": null,
            "pipeline_task": [],
            "python_wheel_task": [],
            "queue": [
              {
                "enabled": false
              }
            ],
            "retry_on_timeout": false,
            "run_as": [
              {
                "service_principal_name": "",
                "user_name": "jerome.lieow@databricks.com"
              }
            ],
            "run_job_task": [],
            "schedule": [],
            "spark_jar_task": [],
            "spark_python_task": [],
            "spark_submit_task": [],
            "tags": null,
            "task": [
              {
                "clean_rooms_notebook_task": [],
                "condition_task": [],
                "dashboard_task": [],
                "dbt_cloud_task": [],
                "dbt_platform_task": [],
                "dbt_task": [],
                "depends_on": [],
                "description": "",
                "disable_auto_optimization": false,
                "email_notifications": [
                  {
                    "no_alert_for_skipped_runs": false,
                    "on_duration_warning_threshold_exceeded": [],
                    "on_failure": [],
                    "on_start": [],
                    "on_streaming_backlog_exceeded": [],
                    "on_success": []
                  }
                ],
                "environment_key": "",
                "existing_cluster_id": "",
                "for_each_task": [],
                "gen_ai_compute_task": [],
                "health": [],
                "job_cluster_key": "",
                "library": [],
                "max_retries": 0,
                "min_retry_interval_millis": 0,
                "new_cluster": [],
                "notebook_task": [
                  {
                    "base_parameters": {},
                    "notebook_path": "/Users/jerome.lieow@databricks.com/terraform_notebooks/delta_live_tables/00_setup",
                    "source": "WORKSPACE",
                    "warehouse_id": ""
                  }
                ],
                "notification_settings": [],
                "pipeline_task": [],
                "power_bi_task": [],
                "python_wheel_task": [],
                "retry_on_timeout": false,
                "run_if": "ALL_SUCCESS",
                "run_job_task": [],
                "spark_jar_task": [],
                "spark_python_task": [],
                "spark_submit_task": [],
                "sql_task": [],
                "task_key": "00_setup",
                "timeout_seconds": 0,
                "webhook_notifications": []
              }
            ],
            "timeout_seconds": 0,
            "timeouts": null,
            "trigger": [],
            "url": "https://adb-984752964297111.11.azuredatabricks.net/#job/222431349714204",
            "webhook_notifications": [
              {
                "on_duration_warning_threshold_exceeded": [],
                "on_failure": [],
                "on_start": [],
                "on_streaming_backlog_exceeded": [],
                "on_success": []
              }
            ]
          },
          "sensitive_attributes": [],
          "identity_schema_version": 0,
          "private": "eyJlMmJmYjczMC1lY2FhLTExZTYtOGY4OC0zNDM2M2JjN2M0YzAiOnsiY3JlYXRlIjoxODAwMDAwMDAwMDAwLCJ1cGRhdGUiOjE4MDAwMDAwMDAwMDB9LCJzY2hlbWFfdmVyc2lvbiI6IjIifQ==",
          "dependencies": [
            "data.databricks_current_user.me",
            "databricks_catalog._jlieow_dev",
            "databricks_notebook._00_setup",
            "databricks_schema.bronze"
          ]
        }
      ]
    },
    {
      "mode": "managed",
      "type": "databricks_notebook",
      "name": "_00_setup",
      "provider": "provider[\"registry.terraform.io/databricks/databricks\"]",
      "instances": [
        {
          "schema_version": 1,
          "attributes": {
            "content_base64": "LS0gRGF0YWJyaWNrcyBub3RlYm9vayBzb3VyY2UKLS0gQ2xlYW5zIHVwIGRhbmdsaW5nIHJlc291cmNlcyB0byBlbnN1cmUgaWRlbXBvdGVuY3kKRFJPUCBTQ0hFTUEgSUYgRVhJU1RTIF9qbGllb3dfZGV2LmV0bCBDQVNDQURFOwpEUk9QIFRBQkxFIElGIEVYSVNUUyBfamxpZW93X2Rldi5icm9uemUub3JkZXJzX3JhdzsKRFJPUCBUQUJMRSBJRiBFWElTVFMgX2psaWVvd19kZXYuYnJvbnplLmN1c3RvbWVyX3JhdzsKCi0tIENPTU1BTkQgLS0tLS0tLS0tLQoKLS0gQ1JFQVRFIE5FVyBTQ0hFTUEKQ1JFQVRFIFNDSEVNQSBJRiBOT1QgRVhJU1RTIF9qbGllb3dfZGV2LmV0bApDT01NRU5UICdTQ0hFTUEgRk9SIERMVCBJTlRST0RVQ1RJT04nOwoKLS0gQ09NTUFORCAtLS0tLS0tLS0tCgotLSBDTE9ORSBTT01FIFNBTVBMRSBUQUJMRVMKQ1JFQVRFIFRBQkxFIElGIE5PVCBFWElTVFMgX2psaWVvd19kZXYuYnJvbnplLm9yZGVyc19yYXcgREVFUCBDTE9ORSBzYW1wbGVzLnRwY2gub3JkZXJzOwpDUkVBVEUgVEFCTEUgSUYgTk9UIEVYSVNUUyBfamxpZW93X2Rldi5icm9uemUuY3VzdG9tZXJfcmF3IERFRVAgQ0xPTkUgc2FtcGxlcy4gdHBjaC4gY3VzdG9tZXI7CgotLSBDT01NQU5EIC0tLS0tLS0tLS0KClNFTEVDVCAqIEZST00gX2psaWVvd19kZXYuYnJvbnplLm9yZGVyc19yYXc7CgotLSBDT01NQU5EIC0tLS0tLS0tLS0KClNFTEVDVCAqIEZST00gX2psaWVvd19kZXYuYnJvbnplLmN1c3RvbWVyX3Jhdzs=",
            "format": "SOURCE",
            "id": "/Users/jerome.lieow@databricks.com/terraform_notebooks/delta_live_tables/00_setup",
            "language": "SQL",
            "md5": "ee399f63f86f647185dfed3e9a83aedd",
            "object_id": 3036037102153146,
            "object_type": "NOTEBOOK",
            "path": "/Users/jerome.lieow@databricks.com/terraform_notebooks/delta_live_tables/00_setup",
            "source": null,
            "url": "https://adb-984752964297111.11.azuredatabricks.net/#workspace/Users/jerome.lieow@databricks.com/terraform_notebooks/delta_live_tables/00_setup",
            "workspace_path": "/Workspace/Users/jerome.lieow@databricks.com/terraform_notebooks/delta_live_tables/00_setup"
          },
          "sensitive_attributes": [],
          "identity_schema_version": 0,
          "private": "eyJzY2hlbWFfdmVyc2lvbiI6IjEifQ==",
          "dependencies": [
            "data.databricks_current_user.me"
          ]
        }
      ]
    },
    {
      "mode": "managed",
      "type": "databricks_notebook",
      "name": "_01_dlt",
      "provider": "provider[\"registry.terraform.io/databricks/databricks\"]",
      "instances": [
        {
          "schema_version": 1,
          "attributes": {
            "content_base64": "IyBEYXRhYnJpY2tzIG5vdGVib29rIHNvdXJjZQojIERMVCB3b3JrcyB3aXRoIHRocmVlIHR5cGVzIG9mIERhdGFzZXRzCiMgU3RyZWFtaW5nIFRhYmxlcyAoUGVybWFuZW50L1RlbXBvcmFyeSkgLSBVc2VkIGFzIEFwcGVuZCBEYXRhIFNvdXJjZXMsIEluY3JlbWVudGFsIGRhdGEKIyBNYXRlcmlhbGl6ZWQgVmlld3MgLSBVc2VkIGZvciB0cmFuc2Zvcm1hdGlvbnMsIGFnZ3JlZ2F0aW9ucyBvciBjb21wdXRhdGlvbnMKIyBWaWV3cyAtIFVzZWQgZm9yIGludGVybWVkaWF0ZSBUcmFuZm9ybWF0aW9ucywgbm90IHN0b3JlZCBpbiBUYXJnZXQgU2NoZW1hCgppbXBvcnQgZGx0CgojIENPTU1BTkQgLS0tLS0tLS0tLQoKIyBDcmVhdGUgYSBTdHJlYW1pbmcgVGFibGUgZm9yIG9yZGVycwojIElucHV0IGZvciBTdHJlYW0gVGFibGUgaXMgYSBzdHJlYW1pbmcgc291cmNlCkBkbHQudGFibGUoCiAgdGFibGVfcHJvcGVydGllcyA9IHsicXVhbGl0eSI6ICJicm9uemUifSwKICBjb21tZW50ID0gIk9yZGVyIGJyb256ZSB0YWJsZSIKKQpkZWYgb3JkZXJzX2Jyb256ZSgpOgogIGRmID0gc3BhcmsucmVhZFN0cmVhbS50YWJsZSgiX2psaWVvd19kZXYuYnJvbnplLm9yZGVyc19yYXciKQogIHJldHVybiBkZgoKIyBDT01NQU5EIC0tLS0tLS0tLS0KCiMgQ3JlYXRlIGEgTWF0ZXJpYWxpemVkIFZpZXcgZm9yIGN1c3RvbWVycwojIElucHV0IGZvciBNYXRlcmlhbGl6ZWQgVmlldyBpcyBhIGJhdGNoIHNvdXJjZQpAZGx0LiB0YWJsZSgKICB0YWJsZV9wcm9wZXJ0aWVzID0geyJxdWFsaXR5IjogImJyb256ZSJ9LAogIGNvbW1lbnQgPSAiQ3VzdG9tZXIgYnJvbnplIHRhYmxlIiwKICBuYW1lID0gImN1c3RvbWVyX2Jyb256ZSIgIyBJZiBuYW1lIGlzIHNwZWNpZmllZCBpbiB0aGUgZGVjb3JhdG9yLCB0YWJsZXMvdmlld3MgdGFrZSB0aGlzIG5hbWUgaW5zdGVhZCBvZiB0aGUgZnVuY3Rpb24gbmFtZS4KKQpkZWYgY3VzdF9icm9uemUoKToKICBkZiA9IHNwYXJrLnJlYWQudGFibGUoIl9qbGllb3dfZGV2LmJyb256ZS5jdXN0b21lcl9yYXciKQogIHJldHVybiBkZgoKIyBDT01NQU5EIC0tLS0tLS0tLS0KCiMgQ3JlYXRlIGEgVmlldyB0byBqb2luIG9yZGVycyB3aXRoIGN1c3RvbWVycwpAZGx0LnZpZXcoCiAgY29tbWVudCA9ICJKb2luZWQgVmlldyIKKQpkZWYgam9pbmVkX3Z3KCk6CiAgZGZfbyA9IHNwYXJrLnJlYWQudGFibGUoIkxJVkUub3JkZXJzX2Jyb256ZSIpCiAgZGZfYyA9IHNwYXJrLnJlYWQudGFibGUoIkxJVkUuY3VzdG9tZXJfYnJvbnplIikKICAKICBkZl9qb2luID0gZGZfby5qb2luKGRmX2MsIGhvdyA9ICJsZWZ0X291dGVyIiwgb249ZGZfYy5jX2N1c3RrZXk9PWRmX28ub19jdXN0a2V5KQogIAogIHJldHVybiBkZl9qb2luCgojIENPTU1BTkQgLS0tLS0tLS0tLQoKIyBDcmVhdGUgTVYgdG8gYWRkIG5ldyBjb2x1bW4KZnJvbSBweXNwYXJrLnNxbC5mdW5jdGlvbnMgaW1wb3J0IGN1cnJlbnRfdGltZXN0YW1wCgpAZGx0LiB0YWJsZSgKICB0YWJsZV9wcm9wZXJ0aWVzID0geyJxdWFsaXR5IjogInNpbHZlciJ9LAogIGNvbW1lbnQgPSAiSm9pbmVkIHRhYmxlIiwKICBuYW1lID0gImpvaW5lZF9zaWx2ZXIiCikKZGVmIGpvaW5lZF9zaWx2ZXIoKToKICBkZiA9IHNwYXJrLnJlYWQudGFibGUoIkxJVkUuam9pbmVkX3Z3Iikud2l0aENvbHVtbigiX19pbnNlcnRfZGF0ZSIsIGN1cnJlbnRfdGltZXN0YW1wKCkpCiAgcmV0dXJuIGRmCgojIENPTU1BTkQgLS0tLS0tLS0tLQoKIyBBZ2dyZWdhdGUgYmFzZWQgb24gY19ta3RzZWdtZW50IGFuZCBmaW5kIHRoZSBjb3VudCBvZiBvcmRlciAoY19vcmRlcmtleSkKZnJvbSBweXNwYXJrLnNxbC5mdW5jdGlvbnMgaW1wb3J0IGNvdW50LCBzdW0KCkBkbHQuIHRhYmxlKAogIHRhYmxlX3Byb3BlcnRpZXMgPSB7InF1YWxpdHkiOiAiZ29sZCJ9LAogIGNvbW1lbnQgPSAib3JkZXJzIGFnZ3JlZ2F0ZWQgdGFibGUiCikKZGVmIG9yZGVyc19hZ2dfZ29sZCgpOgogIGRmID0gc3BhcmsucmVhZC50YWJsZSgiTElWRS5qb2luZWRfc2lsdmVyIikKCiAgZGZfZmluYWwgPSBkZi5ncm91cEJ5KCJjX21rdHNlZ21lbnQiKS5hZ2coY291bnQoIm9fb3JkZXJrZXkiKS5hbGlhcygiY291bnRfb3JkZXJzIikpLndpdGhDb2x1bW4oIl9faW5zZXJ0X2RhdGUiLCAKICBjdXJyZW50X3RpbWVzdGFtcCgpKQoKICByZXR1cm4gZGZfZmluYWwKCiMjIyMjIyMjIyMjIyMjIyMjIyMjIyMjIyMjIyMjIyMjIyMjIyMjIyMjIyMjIyMjIyMjIyMjIyMjIyMjIyMjIyMjIyMjIyMjIyMjIyMjIyMjIyMjIyMjIyMjIyMjIyMjIyMjIyMjIyMjIyMjIyMjIyMjIyMjIyMjIyMjCgojIEV4ZWN1dGUgYWZ0ZXIgYWRkaW5nIGluY3JlbWVudGFsIGRhdGEgdXNpbmcgMDJfYWRkX2luY3JlbWVudGFsX2RhdGEKCiMgSW4gYSB1c3VhbCBFVEwgcGlwZWxpbmUsIHlvdSB3b3VsZCBmaXJzdCBoYXZlIHRvIGFkZC91cGRhdGUgdGFibGVzL2NvbHVtbnMgYmVmb3JlIHdyaXRpbmcgdGhlIHRyYW5zZm9ybWF0aW9uIGxvZ2ljLgojIFRoaXMgY2VsbCBkZW1vbnN0cmF0ZXMgaG93IHlvdSBjYW4gYWRkL2VkaXQgdGFibGVzL2NvbHVtbnMgdXNpbmcgRExUCiMgQ29ubmVjdCB0byBETFQgUGlwZWxpbmUKIyBUbyBhdHRhY2ggdG8gYSBwaXBlbGluZSwgY2xpY2sgdGhlIGNvbXB1dGUgc2VsZWN0b3IgaW4gdGhlIG5vdGVib29rIHRvb2xiYXIgYW5kIHNlbGVjdCBhIHBpcGVsaW5lIGZyb20gdGhlIGRyb3Bkb3duIG1lbnUuCgojIFVuaXR5IENhdGFsb2cgYXNzb2NpYXRlcyB0aGlzIGNlbGwgd2l0aCB0aGUgZGF0YXNldCBhbmQgaW4gb3JkZXIgdG8gdXBkYXRlIHRoZSBkYXRhc2V0LCBhbnkgdXBkYXRlcyBoYXZlIHRvIGJlIHBlcmZvcm1lZCBpbiB0aGUgc2FtZSBjZWxsCiMgQ29tbWVudCBjb2RlIGFib3ZlIGFuZCB1bmNvbW1lbnQgZXZlcnl0aGluZyBhZnRlciB0aGlzLgoKIyBAZGx0LiB0YWJsZSgKIyAgIHRhYmxlX3Byb3BlcnRpZXMgPSB7InF1YWxpdHkiOiAiZ29sZCJ9LAojICAgY29tbWVudCA9ICJvcmRlcnMgYWdncmVnYXRlZCB0YWJsZSIKIyApCiMgZGVmIG9yZGVyc19hZ2dfZ29sZCgpOgojICAgZGYgPSBzcGFyay5yZWFkLnRhYmxlKCJMSVZFLmpvaW5lZF9zaWx2ZXIiKQoKIyAgIGRmX2ZpbmFsID0gZGYuZ3JvdXBCeSgiY19ta3RzZWdtZW50IikuYWdnKGNvdW50KCJvX29yZGVya2V5IikuYWxpYXMoImNvdW50X29yZGVycyIpLCBzdW0oIm9fdG90YWxwcmljZSIpLmFsaWFzICgic3VtX3RvdGFscHJpY2UiKSkud2l0aENvbHVtbigiX19pbnNlcnRfZGF0ZSIsIGN1cnJlbnRfdGltZXN0YW1wKCkpCgojICAgcmV0dXJuIGRmX2ZpbmFs",
            "format": "SOURCE",
            "id": "/Users/jerome.lieow@databricks.com/terraform_notebooks/delta_live_tables/01_dlt",
            "language": "PYTHON",
            "md5": "4a282f85ba426f6fb78bfdcaedc64026",
            "object_id": 3036037102153145,
            "object_type": "NOTEBOOK",
            "path": "/Users/jerome.lieow@databricks.com/terraform_notebooks/delta_live_tables/01_dlt",
            "source": null,
            "url": "https://adb-984752964297111.11.azuredatabricks.net/#workspace/Users/jerome.lieow@databricks.com/terraform_notebooks/delta_live_tables/01_dlt",
            "workspace_path": "/Workspace/Users/jerome.lieow@databricks.com/terraform_notebooks/delta_live_tables/01_dlt"
          },
          "sensitive_attributes": [],
          "identity_schema_version": 0,
          "private": "eyJzY2hlbWFfdmVyc2lvbiI6IjEifQ==",
          "dependencies": [
            "data.databricks_current_user.me"
          ]
        }
      ]
    },
    {
      "mode": "managed",
      "type": "databricks_notebook",
      "name": "_02_add_incremental_data",
      "provider": "provider[\"registry.terraform.io/databricks/databricks\"]",
      "instances": [
        {
          "schema_version": 1,
          "attributes": {
            "content_base64": "LS0gRGF0YWJyaWNrcyBub3RlYm9vayBzb3VyY2UKLS0gQWRkIHNvbWUgZGF0YSBpbmNyZW1lbnRhbGx5IGluIE9SREVSUyAKLS0gUnVuIHBpcGVsaW5lIGFmdGVyIGluY3JlbWVudGFsIGxvYWQKSU5TRVJUIElOVE8gX2psaWVvd19kZXYuYnJvbnplLm9yZGVyc19yYXcKU0VMRUNUICogRlJPTSBzYW1wbGVzLnRwY2gub3JkZXJzCkxJTUlUIDEwMDAwOw==",
            "format": "SOURCE",
            "id": "/Users/jerome.lieow@databricks.com/terraform_notebooks/delta_live_tables/02_add_incremental_data",
            "language": "SQL",
            "md5": "856268527e52d418dde166bf02d081b5",
            "object_id": 3036037102154571,
            "object_type": "NOTEBOOK",
            "path": "/Users/jerome.lieow@databricks.com/terraform_notebooks/delta_live_tables/02_add_incremental_data",
            "source": null,
            "url": "https://adb-984752964297111.11.azuredatabricks.net/#workspace/Users/jerome.lieow@databricks.com/terraform_notebooks/delta_live_tables/02_add_incremental_data",
            "workspace_path": "/Workspace/Users/jerome.lieow@databricks.com/terraform_notebooks/delta_live_tables/02_add_incremental_data"
          },
          "sensitive_attributes": [],
          "identity_schema_version": 0,
          "private": "eyJzY2hlbWFfdmVyc2lvbiI6IjEifQ==",
          "dependencies": [
            "data.databricks_current_user.me"
          ]
        }
      ]
    },
    {
      "mode": "managed",
      "type": "databricks_notebook",
      "name": "_view_data",
      "provider": "provider[\"registry.terraform.io/databricks/databricks\"]",
      "instances": [
        {
          "schema_version": 1,
          "attributes": {
            "content_base64": "LS0gRGF0YWJyaWNrcyBub3RlYm9vayBzb3VyY2UKU0VMRUNUICogRlJPTSBfamxpZW93X2Rldi5ldGwub3JkZXJzX2FnZ19nb2xkOw==",
            "format": "SOURCE",
            "id": "/Users/jerome.lieow@databricks.com/terraform_notebooks/delta_live_tables/_view_data",
            "language": "SQL",
            "md5": "692758d90b11809ca909e3dbb66ab92e",
            "object_id": 3036037102154579,
            "object_type": "NOTEBOOK",
            "path": "/Users/jerome.lieow@databricks.com/terraform_notebooks/delta_live_tables/_view_data",
            "source": null,
            "url": "https://adb-984752964297111.11.azuredatabricks.net/#workspace/Users/jerome.lieow@databricks.com/terraform_notebooks/delta_live_tables/_view_data",
            "workspace_path": "/Workspace/Users/jerome.lieow@databricks.com/terraform_notebooks/delta_live_tables/_view_data"
          },
          "sensitive_attributes": [],
          "identity_schema_version": 0,
          "private": "eyJzY2hlbWFfdmVyc2lvbiI6IjEifQ==",
          "dependencies": [
            "data.databricks_current_user.me"
          ]
        }
      ]
    },
    {
      "mode": "managed",
      "type": "databricks_pipeline",
      "name": "this",
      "provider": "provider[\"registry.terraform.io/databricks/databricks\"]",
      "instances": [
        {
          "schema_version": 0,
          "attributes": {
            "allow_duplicate_names": false,
            "budget_policy_id": null,
            "catalog": "_jlieow_dev",
            "cause": null,
            "channel": "CURRENT",
            "cluster": [
              {
                "apply_policy_default_values": false,
                "autoscale": [],
                "aws_attributes": [],
                "azure_attributes": [],
                "cluster_log_conf": [],
                "custom_tags": {},
                "driver_instance_pool_id": "",
                "driver_node_type_id": "",
                "enable_local_disk_encryption": false,
                "gcp_attributes": [],
                "init_scripts": [],
                "instance_pool_id": "",
                "label": "default",
                "node_type_id": "Standard_DS3_v2",
                "num_workers": 1,
                "policy_id": "001AD56B4D4499E7",
                "spark_conf": {},
                "spark_env_vars": {},
                "ssh_public_keys": []
              }
            ],
            "cluster_id": "0921-180111-n2b3e084",
            "configuration": null,
            "continuous": false,
            "creator_user_name": "jerome.lieow@databricks.com",
            "deployment": [],
            "development": true,
            "edition": "CORE",
            "environment": [],
            "event_log": [],
            "expected_last_modified": 0,
            "filters": [],
            "gateway_definition": [],
            "health": null,
            "id": "831ffcbe-fbd3-465e-8481-e17ee1d2edb1",
            "ingestion_definition": [],
            "last_modified": 1758477518466,
            "latest_updates": [
              {
                "creation_time": "2025-09-21T18:51:50.766Z",
                "state": "COMPLETED",
                "update_id": "bd349827-7ec0-4db7-bc14-287fb91efecd"
              },
              {
                "creation_time": "2025-09-21T18:19:12.239Z",
                "state": "COMPLETED",
                "update_id": "852eaae0-9243-47b5-8a0c-921d2e3ce57a"
              },
              {
                "creation_time": "2025-09-21T18:17:04.306Z",
                "state": "COMPLETED",
                "update_id": "469b0983-f59a-4ad5-986c-ca7b0d2926a5"
              },
              {
                "creation_time": "2025-09-21T18:01:10.332Z",
                "state": "COMPLETED",
                "update_id": "bef92abe-b86c-49bc-9c11-cb8592df0fa0"
              },
              {
                "creation_time": "2025-09-21T17:58:58.133Z",
                "state": "CANCELED",
                "update_id": "a0a485a9-6201-4df1-84a6-866fbbbdc5e0"
              }
            ],
            "library": [
              {
                "file": [],
                "glob": [],
                "jar": "",
                "maven": [],
                "notebook": [
                  {
                    "path": "/Users/jerome.lieow@databricks.com/terraform_notebooks/delta_live_tables/01_dlt"
                  }
                ],
                "whl": ""
              }
            ],
            "name": "jlieow_pipeline_00_dlt_sample",
            "notification": [],
            "photon": false,
            "restart_window": [],
            "root_path": null,
            "run_as": [
              {
                "service_principal_name": "",
                "user_name": "jerome.lieow@databricks.com"
              }
            ],
            "run_as_user_name": "jerome.lieow@databricks.com",
            "schema": "etl",
            "serverless": false,
            "state": "IDLE",
            "storage": null,
            "tags": null,
            "target": null,
            "timeouts": null,
            "trigger": [],
            "url": "https://adb-984752964297111.11.azuredatabricks.net/#joblist/pipelines/831ffcbe-fbd3-465e-8481-e17ee1d2edb1"
          },
          "sensitive_attributes": [],
          "identity_schema_version": 0,
          "private": "eyJlMmJmYjczMC1lY2FhLTExZTYtOGY4OC0zNDM2M2JjN2M0YzAiOnsiY3JlYXRlIjoxMjAwMDAwMDAwMDAwLCJkZWZhdWx0IjoxMjAwMDAwMDAwMDAwLCJkZWxldGUiOjEyMDAwMDAwMDAwMDAsInJlYWQiOjEyMDAwMDAwMDAwMDAsInVwZGF0ZSI6MTIwMDAwMDAwMDAwMH19",
          "dependencies": [
            "data.databricks_current_user.me",
            "databricks_catalog._jlieow_dev",
            "databricks_cluster_policy.policy",
            "databricks_job.run_00_setup",
            "databricks_notebook._00_setup",
            "databricks_notebook._01_dlt",
            "databricks_schema.bronze",
            "null_resource.run_job_00_setup"
          ]
        }
      ]
    },
    {
      "mode": "managed",
      "type": "databricks_schema",
      "name": "bronze",
      "provider": "provider[\"registry.terraform.io/databricks/databricks\"]",
      "instances": [
        {
          "schema_version": 0,
          "attributes": {
            "catalog_name": "_jlieow_dev",
            "comment": "This schea is managed by terraform",
            "enable_predictive_optimization": "INHERIT",
            "force_destroy": true,
            "id": "_jlieow_dev.bronze",
            "metastore_id": "b86c6879-8c55-4e70-a585-18d16a4fa6e9",
            "name": "bronze",
            "owner": "jerome.lieow@databricks.com",
            "properties": null,
            "schema_id": "ee55425f-3440-48f7-bfd1-97c9ef701c3b",
            "storage_root": null
          },
          "sensitive_attributes": [],
          "identity_schema_version": 0,
          "private": "bnVsbA==",
          "dependencies": [
            "databricks_catalog._jlieow_dev"
          ]
        }
      ]
    },
    {
      "mode": "managed",
      "type": "null_resource",
      "name": "run_job_00_setup",
      "provider": "provider[\"registry.terraform.io/hashicorp/null\"]",
      "instances": [
        {
          "schema_version": 0,
          "attributes": {
            "id": "7887382114980544981",
            "triggers": {
              "value": "LS0gRGF0YWJyaWNrcyBub3RlYm9vayBzb3VyY2UKLS0gQ2xlYW5zIHVwIGRhbmdsaW5nIHJlc291cmNlcyB0byBlbnN1cmUgaWRlbXBvdGVuY3kKRFJPUCBTQ0hFTUEgSUYgRVhJU1RTIF9qbGllb3dfZGV2LmV0bCBDQVNDQURFOwpEUk9QIFRBQkxFIElGIEVYSVNUUyBfamxpZW93X2Rldi5icm9uemUub3JkZXJzX3JhdzsKRFJPUCBUQUJMRSBJRiBFWElTVFMgX2psaWVvd19kZXYuYnJvbnplLmN1c3RvbWVyX3JhdzsKCi0tIENPTU1BTkQgLS0tLS0tLS0tLQoKLS0gQ1JFQVRFIE5FVyBTQ0hFTUEKQ1JFQVRFIFNDSEVNQSBJRiBOT1QgRVhJU1RTIF9qbGllb3dfZGV2LmV0bApDT01NRU5UICdTQ0hFTUEgRk9SIERMVCBJTlRST0RVQ1RJT04nOwoKLS0gQ09NTUFORCAtLS0tLS0tLS0tCgotLSBDTE9ORSBTT01FIFNBTVBMRSBUQUJMRVMKQ1JFQVRFIFRBQkxFIElGIE5PVCBFWElTVFMgX2psaWVvd19kZXYuYnJvbnplLm9yZGVyc19yYXcgREVFUCBDTE9ORSBzYW1wbGVzLnRwY2gub3JkZXJzOwpDUkVBVEUgVEFCTEUgSUYgTk9UIEVYSVNUUyBfamxpZW93X2Rldi5icm9uemUuY3VzdG9tZXJfcmF3IERFRVAgQ0xPTkUgc2FtcGxlcy4gdHBjaC4gY3VzdG9tZXI7CgotLSBDT01NQU5EIC0tLS0tLS0tLS0KClNFTEVDVCAqIEZST00gX2psaWVvd19kZXYuYnJvbnplLm9yZGVyc19yYXc7CgotLSBDT01NQU5EIC0tLS0tLS0tLS0KClNFTEVDVCAqIEZST00gX2psaWVvd19kZXYuYnJvbnplLmN1c3RvbWVyX3Jhdzs="
            }
          },
          "sensitive_attributes": [],
          "identity_schema_version": 0,
          "dependencies": [
            "data.databricks_current_user.me",
            "databricks_catalog._jlieow_dev",
            "databricks_job.run_00_setup",
            "databricks_notebook._00_setup",
            "databricks_schema.bronze"
          ]
        }
      ]
    }
  ],
  "check_results": null
}
