{
  "version": 4,
  "terraform_version": "1.13.2",
  "serial": 21,
  "lineage": "a9fc7a52-6bf6-3863-be0b-f5bae51fb24f",
  "outputs": {},
  "resources": [
    {
      "mode": "data",
      "type": "databricks_current_user",
      "name": "me",
      "provider": "provider[\"registry.terraform.io/databricks/databricks\"]",
      "instances": [
        {
          "schema_version": 0,
          "attributes": {
            "acl_principal_id": "users/jerome.lieow@databricks.com",
            "alphanumeric": "jerome_lieow",
            "external_id": "",
            "home": "/Users/jerome.lieow@databricks.com",
            "id": "78573460915885",
            "repos": "/Repos/jerome.lieow@databricks.com",
            "user_name": "jerome.lieow@databricks.com",
            "workspace_url": "https://dbc-ff528368-054e.cloud.databricks.com"
          },
          "sensitive_attributes": [],
          "identity_schema_version": 0
        }
      ]
    },
    {
      "mode": "managed",
      "type": "databricks_notebook",
      "name": "notebook",
      "provider": "provider[\"registry.terraform.io/databricks/databricks\"]",
      "instances": [
        {
          "schema_version": 1,
          "attributes": {
            "content_base64": "IyBjcmVhdGVkIGZyb20gL1VzZXJzL2plcm9tZS5saWVvdy9Eb2N1bWVudHMvR2l0SHViL3NhbmRib3hfd29ya2JyaWNrcy90ZXJyYWZvcm0vZGF0YWJyaWNrc19zYW5kYm94L25vdGVib29rcy9ub3RlYm9va19zYW1wbGUKZGlzcGxheShzcGFyay5yYW5nZSgxMCkpCg==",
            "format": "SOURCE",
            "id": "/Users/jerome.lieow@databricks.com/terraform_notebooks/helloTerraform",
            "language": "PYTHON",
            "md5": "0c84825534cbcc306a4f253d7e5fb75e",
            "object_id": 3940933606137978,
            "object_type": "NOTEBOOK",
            "path": "/Users/jerome.lieow@databricks.com/terraform_notebooks/helloTerraform",
            "source": null,
            "url": "https://dbc-ff528368-054e.cloud.databricks.com/#workspace/Users/jerome.lieow@databricks.com/terraform_notebooks/helloTerraform",
            "workspace_path": "/Workspace/Users/jerome.lieow@databricks.com/terraform_notebooks/helloTerraform"
          },
          "sensitive_attributes": [],
          "identity_schema_version": 0,
          "private": "eyJzY2hlbWFfdmVyc2lvbiI6IjEifQ==",
          "dependencies": [
            "data.databricks_current_user.me"
          ]
        }
      ]
    }
  ],
  "check_results": null
}
